// !$*UTF8*$!
{
	archiveVersion = 1;
	classes = {
	};
	objectVersion = 56;
	objects = {

/* Begin PBXBuildFile section */
		22132ABC2DEC974A00FA9C90 /* Shopify_IOSTests.swift in Sources */ = {isa = PBXBuildFile; fileRef = 22132ABB2DEC974A00FA9C90 /* Shopify_IOSTests.swift */; };
		22132AC62DEC974A00FA9C90 /* Shopify_IOSUITests.swift in Sources */ = {isa = PBXBuildFile; fileRef = 22132AC52DEC974A00FA9C90 /* Shopify_IOSUITests.swift */; };
		22132AC82DEC974A00FA9C90 /* Shopify_IOSUITestsLaunchTests.swift in Sources */ = {isa = PBXBuildFile; fileRef = 22132AC72DEC974A00FA9C90 /* Shopify_IOSUITestsLaunchTests.swift */; };
		221E112A2DF6619600D3B4CD /* Assets.xcassets in Resources */ = {isa = PBXBuildFile; fileRef = 221E10942DF6619600D3B4CD /* Assets.xcassets */; };
		221E112B2DF6619600D3B4CD /* Mappable.swift in Sources */ = {isa = PBXBuildFile; fileRef = 221E10972DF6619600D3B4CD /* Mappable.swift */; };
		221E112C2DF6619600D3B4CD /* Money.swift in Sources */ = {isa = PBXBuildFile; fileRef = 221E10982DF6619600D3B4CD /* Money.swift */; };
		221E112D2DF6619600D3B4CD /* Variants.swift in Sources */ = {isa = PBXBuildFile; fileRef = 221E10992DF6619600D3B4CD /* Variants.swift */; };
		221E112E2DF6619600D3B4CD /* QuantityRuel.swift in Sources */ = {isa = PBXBuildFile; fileRef = 221E109A2DF6619600D3B4CD /* QuantityRuel.swift */; };
		221E112F2DF6619600D3B4CD /* Category.swift in Sources */ = {isa = PBXBuildFile; fileRef = 221E109B2DF6619600D3B4CD /* Category.swift */; };
		221E11302DF6619600D3B4CD /* Product.swift in Sources */ = {isa = PBXBuildFile; fileRef = 221E109C2DF6619600D3B4CD /* Product.swift */; };
		221E11312DF6619600D3B4CD /* ArrayExtention.swift in Sources */ = {isa = PBXBuildFile; fileRef = 221E109E2DF6619600D3B4CD /* ArrayExtention.swift */; };
		221E11322DF6619600D3B4CD /* AppConstant.swift in Sources */ = {isa = PBXBuildFile; fileRef = 221E109F2DF6619600D3B4CD /* AppConstant.swift */; };
		221E11332DF6619600D3B4CD /* ImageViewExtension.swift in Sources */ = {isa = PBXBuildFile; fileRef = 221E10A02DF6619600D3B4CD /* ImageViewExtension.swift */; };
		221E11342DF6619600D3B4CD /* ProducteExtentions.swift in Sources */ = {isa = PBXBuildFile; fileRef = 221E10A12DF6619600D3B4CD /* ProducteExtentions.swift */; };
		221E11352DF6619600D3B4CD /* Preview Assets.xcassets in Resources */ = {isa = PBXBuildFile; fileRef = 221E10A32DF6619600D3B4CD /* Preview Assets.xcassets */; };
		221E11372DF6619600D3B4CD /* Colors.swift in Sources */ = {isa = PBXBuildFile; fileRef = 221E10A72DF6619600D3B4CD /* Colors.swift */; };
		221E11382DF6619600D3B4CD /* Configurations.plist in Resources */ = {isa = PBXBuildFile; fileRef = 221E10A92DF6619600D3B4CD /* Configurations.plist */; };
		221E113B2DF6619600D3B4CD /* TabBarButtonswift.swift in Sources */ = {isa = PBXBuildFile; fileRef = 221E10B12DF6619600D3B4CD /* TabBarButtonswift.swift */; };
		221E113C2DF6619600D3B4CD /* ViewsContainer.swift in Sources */ = {isa = PBXBuildFile; fileRef = 221E10B22DF6619600D3B4CD /* ViewsContainer.swift */; };
		221E113D2DF6619600D3B4CD /* CustomTabBarShap.swift in Sources */ = {isa = PBXBuildFile; fileRef = 221E10B32DF6619600D3B4CD /* CustomTabBarShap.swift */; };
		221E113E2DF6619600D3B4CD /* ProductDetailsView.swift in Sources */ = {isa = PBXBuildFile; fileRef = 221E10B62DF6619600D3B4CD /* ProductDetailsView.swift */; };
		221E113F2DF6619600D3B4CD /* CategoriesScreen.swift in Sources */ = {isa = PBXBuildFile; fileRef = 221E10B92DF6619600D3B4CD /* CategoriesScreen.swift */; };
		221E11402DF6619600D3B4CD /* HomeViewModel.swift in Sources */ = {isa = PBXBuildFile; fileRef = 221E10BC2DF6619600D3B4CD /* HomeViewModel.swift */; };
		221E11412DF6619600D3B4CD /* CouponesIage.swift in Sources */ = {isa = PBXBuildFile; fileRef = 221E10BE2DF6619600D3B4CD /* CouponesIage.swift */; };
		221E11422DF6619600D3B4CD /* covers.json in Resources */ = {isa = PBXBuildFile; fileRef = 221E10C02DF6619600D3B4CD /* covers.json */; };
		221E11432DF6619600D3B4CD /* ProductItem.swift in Sources */ = {isa = PBXBuildFile; fileRef = 221E10C22DF6619600D3B4CD /* ProductItem.swift */; };
		221E11442DF6619600D3B4CD /* ProductsView.swift in Sources */ = {isa = PBXBuildFile; fileRef = 221E10C32DF6619600D3B4CD /* ProductsView.swift */; };
		221E11452DF6619600D3B4CD /* imge.swift in Sources */ = {isa = PBXBuildFile; fileRef = 221E10C42DF6619600D3B4CD /* imge.swift */; };
		221E11462DF6619600D3B4CD /* ProductHeader.swift in Sources */ = {isa = PBXBuildFile; fileRef = 221E10C52DF6619600D3B4CD /* ProductHeader.swift */; };
		221E11472DF6619600D3B4CD /* Header.swift in Sources */ = {isa = PBXBuildFile; fileRef = 221E10C62DF6619600D3B4CD /* Header.swift */; };
		221E11482DF6619600D3B4CD /* Coupons.swift in Sources */ = {isa = PBXBuildFile; fileRef = 221E10C72DF6619600D3B4CD /* Coupons.swift */; };
		221E11492DF6619600D3B4CD /* HomeScreen.swift in Sources */ = {isa = PBXBuildFile; fileRef = 221E10C82DF6619600D3B4CD /* HomeScreen.swift */; };
		221E114B2DF6619600D3B4CD /* Shopify_IOS.xcdatamodeld in Sources */ = {isa = PBXBuildFile; fileRef = 221E10CC2DF6619600D3B4CD /* Shopify_IOS.xcdatamodeld */; };
		221E114C2DF6619600D3B4CD /* Persistence.swift in Sources */ = {isa = PBXBuildFile; fileRef = 221E10CE2DF6619600D3B4CD /* Persistence.swift */; };
		221E114D2DF6619600D3B4CD /* TokenInterceptor.swift in Sources */ = {isa = PBXBuildFile; fileRef = 221E10D12DF6619600D3B4CD /* TokenInterceptor.swift */; };
		221E114E2DF6619600D3B4CD /* RequestType.swift in Sources */ = {isa = PBXBuildFile; fileRef = 221E10D32DF6619600D3B4CD /* RequestType.swift */; };
		221E114F2DF6619600D3B4CD /* NetworkConstants.swift in Sources */ = {isa = PBXBuildFile; fileRef = 221E10D42DF6619600D3B4CD /* NetworkConstants.swift */; };
		221E11502DF6619600D3B4CD /* NetworkManager.swift in Sources */ = {isa = PBXBuildFile; fileRef = 221E10D52DF6619600D3B4CD /* NetworkManager.swift */; };
		221E11512DF6619600D3B4CD /* GetProducts.graphql in Resources */ = {isa = PBXBuildFile; fileRef = 221E10D72DF6619600D3B4CD /* GetProducts.graphql */; };
		221E11522DF6619600D3B4CD /* GetCollections.graphql in Resources */ = {isa = PBXBuildFile; fileRef = 221E10D82DF6619600D3B4CD /* GetCollections.graphql */; };
		221E11532DF6619600D3B4CD /* GraphQLCodeGen.graphql.swift in Sources */ = {isa = PBXBuildFile; fileRef = 221E10DA2DF6619600D3B4CD /* GraphQLCodeGen.graphql.swift */; };
		221E11542DF6619600D3B4CD /* GetAllProductsQuery.graphql.swift in Sources */ = {isa = PBXBuildFile; fileRef = 221E10DD2DF6619600D3B4CD /* GetAllProductsQuery.graphql.swift */; };
		221E11552DF6619600D3B4CD /* GetCollectionsQuery.graphql.swift in Sources */ = {isa = PBXBuildFile; fileRef = 221E10DE2DF6619600D3B4CD /* GetCollectionsQuery.graphql.swift */; };
		221E11562DF6619600D3B4CD /* ID.swift in Sources */ = {isa = PBXBuildFile; fileRef = 221E10E12DF6619600D3B4CD /* ID.swift */; };
		221E11572DF6619600D3B4CD /* Decimal.swift in Sources */ = {isa = PBXBuildFile; fileRef = 221E10E22DF6619600D3B4CD /* Decimal.swift */; };
		221E11582DF6619600D3B4CD /* HTML.swift in Sources */ = {isa = PBXBuildFile; fileRef = 221E10E32DF6619600D3B4CD /* HTML.swift */; };
		221E11592DF6619600D3B4CD /* URL.swift in Sources */ = {isa = PBXBuildFile; fileRef = 221E10E42DF6619600D3B4CD /* URL.swift */; };
		221E115A2DF6619600D3B4CD /* CountPrecision.graphql.swift in Sources */ = {isa = PBXBuildFile; fileRef = 221E10E62DF6619600D3B4CD /* CountPrecision.graphql.swift */; };
		221E115B2DF6619600D3B4CD /* CurrencyCode.graphql.swift in Sources */ = {isa = PBXBuildFile; fileRef = 221E10E72DF6619600D3B4CD /* CurrencyCode.graphql.swift */; };
		221E115C2DF6619600D3B4CD /* Image.graphql.swift in Sources */ = {isa = PBXBuildFile; fileRef = 221E10E92DF6619600D3B4CD /* Image.graphql.swift */; };
		221E115D2DF6619600D3B4CD /* ProductOptionValue.graphql.swift in Sources */ = {isa = PBXBuildFile; fileRef = 221E10EA2DF6619600D3B4CD /* ProductOptionValue.graphql.swift */; };
		221E115E2DF6619600D3B4CD /* SellingPlan.graphql.swift in Sources */ = {isa = PBXBuildFile; fileRef = 221E10EB2DF6619600D3B4CD /* SellingPlan.graphql.swift */; };
		221E115F2DF6619600D3B4CD /* ProductVariant.graphql.swift in Sources */ = {isa = PBXBuildFile; fileRef = 221E10EC2DF6619600D3B4CD /* ProductVariant.graphql.swift */; };
		221E11602DF6619600D3B4CD /* Blog.graphql.swift in Sources */ = {isa = PBXBuildFile; fileRef = 221E10ED2DF6619600D3B4CD /* Blog.graphql.swift */; };
		221E11612DF6619600D3B4CD /* Model3d.graphql.swift in Sources */ = {isa = PBXBuildFile; fileRef = 221E10EE2DF6619600D3B4CD /* Model3d.graphql.swift */; };
		221E11622DF6619600D3B4CD /* MenuItem.graphql.swift in Sources */ = {isa = PBXBuildFile; fileRef = 221E10EF2DF6619600D3B4CD /* MenuItem.graphql.swift */; };
		221E11632DF6619600D3B4CD /* Order.graphql.swift in Sources */ = {isa = PBXBuildFile; fileRef = 221E10F02DF6619600D3B4CD /* Order.graphql.swift */; };
		221E11642DF6619600D3B4CD /* Comment.graphql.swift in Sources */ = {isa = PBXBuildFile; fileRef = 221E10F12DF6619600D3B4CD /* Comment.graphql.swift */; };
		221E11652DF6619600D3B4CD /* UrlRedirect.graphql.swift in Sources */ = {isa = PBXBuildFile; fileRef = 221E10F22DF6619600D3B4CD /* UrlRedirect.graphql.swift */; };
		221E11662DF6619600D3B4CD /* Shop.graphql.swift in Sources */ = {isa = PBXBuildFile; fileRef = 221E10F32DF6619600D3B4CD /* Shop.graphql.swift */; };
		221E11672DF6619600D3B4CD /* ImageConnection.graphql.swift in Sources */ = {isa = PBXBuildFile; fileRef = 221E10F42DF6619600D3B4CD /* ImageConnection.graphql.swift */; };
		221E11682DF6619600D3B4CD /* GenericFile.graphql.swift in Sources */ = {isa = PBXBuildFile; fileRef = 221E10F52DF6619600D3B4CD /* GenericFile.graphql.swift */; };
		221E11692DF6619600D3B4CD /* TaxonomyCategory.graphql.swift in Sources */ = {isa = PBXBuildFile; fileRef = 221E10F62DF6619600D3B4CD /* TaxonomyCategory.graphql.swift */; };
		221E116A2DF6619600D3B4CD /* ProductOption.graphql.swift in Sources */ = {isa = PBXBuildFile; fileRef = 221E10F72DF6619600D3B4CD /* ProductOption.graphql.swift */; };
		221E116B2DF6619600D3B4CD /* Count.graphql.swift in Sources */ = {isa = PBXBuildFile; fileRef = 221E10F82DF6619600D3B4CD /* Count.graphql.swift */; };
		221E116C2DF6619600D3B4CD /* QuantityRule.graphql.swift in Sources */ = {isa = PBXBuildFile; fileRef = 221E10F92DF6619600D3B4CD /* QuantityRule.graphql.swift */; };
		221E116D2DF6619600D3B4CD /* Collection.graphql.swift in Sources */ = {isa = PBXBuildFile; fileRef = 221E10FA2DF6619600D3B4CD /* Collection.graphql.swift */; };
		221E116E2DF6619600D3B4CD /* ShopPayInstallmentsFinancingPlanTerm.graphql.swift in Sources */ = {isa = PBXBuildFile; fileRef = 221E10FB2DF6619600D3B4CD /* ShopPayInstallmentsFinancingPlanTerm.graphql.swift */; };
		221E116F2DF6619600D3B4CD /* ExternalVideo.graphql.swift in Sources */ = {isa = PBXBuildFile; fileRef = 221E10FC2DF6619600D3B4CD /* ExternalVideo.graphql.swift */; };
		221E11702DF6619600D3B4CD /* ProductConnection.graphql.swift in Sources */ = {isa = PBXBuildFile; fileRef = 221E10FD2DF6619600D3B4CD /* ProductConnection.graphql.swift */; };
		221E11712DF6619600D3B4CD /* CompanyContact.graphql.swift in Sources */ = {isa = PBXBuildFile; fileRef = 221E10FE2DF6619600D3B4CD /* CompanyContact.graphql.swift */; };
		221E11722DF6619600D3B4CD /* Menu.graphql.swift in Sources */ = {isa = PBXBuildFile; fileRef = 221E10FF2DF6619600D3B4CD /* Menu.graphql.swift */; };
		221E11732DF6619600D3B4CD /* Company.graphql.swift in Sources */ = {isa = PBXBuildFile; fileRef = 221E11002DF6619600D3B4CD /* Company.graphql.swift */; };
		221E11742DF6619600D3B4CD /* Location.graphql.swift in Sources */ = {isa = PBXBuildFile; fileRef = 221E11012DF6619600D3B4CD /* Location.graphql.swift */; };
		221E11752DF6619700D3B4CD /* Metaobject.graphql.swift in Sources */ = {isa = PBXBuildFile; fileRef = 221E11022DF6619600D3B4CD /* Metaobject.graphql.swift */; };
		221E11762DF6619700D3B4CD /* QueryRoot.graphql.swift in Sources */ = {isa = PBXBuildFile; fileRef = 221E11032DF6619600D3B4CD /* QueryRoot.graphql.swift */; };
		221E11772DF6619700D3B4CD /* CompanyLocation.graphql.swift in Sources */ = {isa = PBXBuildFile; fileRef = 221E11042DF6619600D3B4CD /* CompanyLocation.graphql.swift */; };
		221E11782DF6619700D3B4CD /* Cart.graphql.swift in Sources */ = {isa = PBXBuildFile; fileRef = 221E11052DF6619600D3B4CD /* Cart.graphql.swift */; };
		221E11792DF6619700D3B4CD /* MoneyV2.graphql.swift in Sources */ = {isa = PBXBuildFile; fileRef = 221E11062DF6619600D3B4CD /* MoneyV2.graphql.swift */; };
		221E117A2DF6619700D3B4CD /* Customer.graphql.swift in Sources */ = {isa = PBXBuildFile; fileRef = 221E11072DF6619600D3B4CD /* Customer.graphql.swift */; };
		221E117B2DF6619700D3B4CD /* CartLine.graphql.swift in Sources */ = {isa = PBXBuildFile; fileRef = 221E11082DF6619600D3B4CD /* CartLine.graphql.swift */; };
		221E117C2DF6619700D3B4CD /* MailingAddress.graphql.swift in Sources */ = {isa = PBXBuildFile; fileRef = 221E11092DF6619600D3B4CD /* MailingAddress.graphql.swift */; };
		221E117D2DF6619700D3B4CD /* ShopPayInstallmentsFinancingPlan.graphql.swift in Sources */ = {isa = PBXBuildFile; fileRef = 221E110A2DF6619600D3B4CD /* ShopPayInstallmentsFinancingPlan.graphql.swift */; };
		221E117E2DF6619700D3B4CD /* Page.graphql.swift in Sources */ = {isa = PBXBuildFile; fileRef = 221E110B2DF6619600D3B4CD /* Page.graphql.swift */; };
		221E117F2DF6619700D3B4CD /* SearchQuerySuggestion.graphql.swift in Sources */ = {isa = PBXBuildFile; fileRef = 221E110C2DF6619600D3B4CD /* SearchQuerySuggestion.graphql.swift */; };
		221E11802DF6619700D3B4CD /* CollectionConnection.graphql.swift in Sources */ = {isa = PBXBuildFile; fileRef = 221E110D2DF6619600D3B4CD /* CollectionConnection.graphql.swift */; };
		221E11812DF6619700D3B4CD /* ProductVariantConnection.graphql.swift in Sources */ = {isa = PBXBuildFile; fileRef = 221E110E2DF6619600D3B4CD /* ProductVariantConnection.graphql.swift */; };
		221E11822DF6619700D3B4CD /* Market.graphql.swift in Sources */ = {isa = PBXBuildFile; fileRef = 221E110F2DF6619600D3B4CD /* Market.graphql.swift */; };
		221E11832DF6619700D3B4CD /* Metafield.graphql.swift in Sources */ = {isa = PBXBuildFile; fileRef = 221E11102DF6619600D3B4CD /* Metafield.graphql.swift */; };
		221E11842DF6619700D3B4CD /* Article.graphql.swift in Sources */ = {isa = PBXBuildFile; fileRef = 221E11112DF6619600D3B4CD /* Article.graphql.swift */; };
		221E11852DF6619700D3B4CD /* AppliedGiftCard.graphql.swift in Sources */ = {isa = PBXBuildFile; fileRef = 221E11122DF6619600D3B4CD /* AppliedGiftCard.graphql.swift */; };
		221E11862DF6619700D3B4CD /* ComponentizableCartLine.graphql.swift in Sources */ = {isa = PBXBuildFile; fileRef = 221E11132DF6619600D3B4CD /* ComponentizableCartLine.graphql.swift */; };
		221E11872DF6619700D3B4CD /* MediaImage.graphql.swift in Sources */ = {isa = PBXBuildFile; fileRef = 221E11142DF6619600D3B4CD /* MediaImage.graphql.swift */; };
		221E11882DF6619700D3B4CD /* Video.graphql.swift in Sources */ = {isa = PBXBuildFile; fileRef = 221E11152DF6619600D3B4CD /* Video.graphql.swift */; };
		221E11892DF6619700D3B4CD /* Product.graphql.swift in Sources */ = {isa = PBXBuildFile; fileRef = 221E11162DF6619600D3B4CD /* Product.graphql.swift */; };
		221E118A2DF6619700D3B4CD /* ShopPolicy.graphql.swift in Sources */ = {isa = PBXBuildFile; fileRef = 221E11172DF6619600D3B4CD /* ShopPolicy.graphql.swift */; };
		221E118B2DF6619700D3B4CD /* MediaPresentation.graphql.swift in Sources */ = {isa = PBXBuildFile; fileRef = 221E11182DF6619600D3B4CD /* MediaPresentation.graphql.swift */; };
		221E118C2DF6619700D3B4CD /* ShopPayInstallmentsProductVariantPricing.graphql.swift in Sources */ = {isa = PBXBuildFile; fileRef = 221E11192DF6619600D3B4CD /* ShopPayInstallmentsProductVariantPricing.graphql.swift */; };
		221E118D2DF6619700D3B4CD /* SchemaConfiguration.swift in Sources */ = {isa = PBXBuildFile; fileRef = 221E111A2DF6619600D3B4CD /* SchemaConfiguration.swift */; };
		221E118E2DF6619700D3B4CD /* SchemaMetadata.graphql.swift in Sources */ = {isa = PBXBuildFile; fileRef = 221E111B2DF6619600D3B4CD /* SchemaMetadata.graphql.swift */; };
		221E118F2DF6619700D3B4CD /* Media.graphql.swift in Sources */ = {isa = PBXBuildFile; fileRef = 221E111D2DF6619600D3B4CD /* Media.graphql.swift */; };
		221E11902DF6619700D3B4CD /* Trackable.graphql.swift in Sources */ = {isa = PBXBuildFile; fileRef = 221E111E2DF6619600D3B4CD /* Trackable.graphql.swift */; };
		221E11912DF6619700D3B4CD /* HasMetafields.graphql.swift in Sources */ = {isa = PBXBuildFile; fileRef = 221E111F2DF6619600D3B4CD /* HasMetafields.graphql.swift */; };
		221E11922DF6619700D3B4CD /* BaseCartLine.graphql.swift in Sources */ = {isa = PBXBuildFile; fileRef = 221E11202DF6619600D3B4CD /* BaseCartLine.graphql.swift */; };
		221E11932DF6619700D3B4CD /* OnlineStorePublishable.graphql.swift in Sources */ = {isa = PBXBuildFile; fileRef = 221E11212DF6619600D3B4CD /* OnlineStorePublishable.graphql.swift */; };
		221E11942DF6619700D3B4CD /* Node.graphql.swift in Sources */ = {isa = PBXBuildFile; fileRef = 221E11222DF6619600D3B4CD /* Node.graphql.swift */; };
		221E11952DF6619700D3B4CD /* schema.graphqls in Resources */ = {isa = PBXBuildFile; fileRef = 221E11242DF6619600D3B4CD /* schema.graphqls */; };
		221E11962DF6619700D3B4CD /* NetworkInterceptorProvider.swift in Sources */ = {isa = PBXBuildFile; fileRef = 221E11252DF6619600D3B4CD /* NetworkInterceptorProvider.swift */; };
		221E11972DF6619700D3B4CD /* NetworkManagerProtocol.swift in Sources */ = {isa = PBXBuildFile; fileRef = 221E11272DF6619600D3B4CD /* NetworkManagerProtocol.swift */; };
		221E11982DF6619700D3B4CD /* Shopify_IOSApp.swift in Sources */ = {isa = PBXBuildFile; fileRef = 221E11292DF6619600D3B4CD /* Shopify_IOSApp.swift */; };
		221E119D2DF6635500D3B4CD /* Kingfisher in Frameworks */ = {isa = PBXBuildFile; productRef = 221E119C2DF6635500D3B4CD /* Kingfisher */; };
		221E119F2DF664F600D3B4CD /* ContentView.swift in Sources */ = {isa = PBXBuildFile; fileRef = 221E119E2DF664F600D3B4CD /* ContentView.swift */; };
		226A37282DF667B1008D43E2 /* AboutUs.swift in Sources */ = {isa = PBXBuildFile; fileRef = 226A37222DF667B1008D43E2 /* AboutUs.swift */; };
		226A37292DF667B1008D43E2 /* SettingsCell.swift in Sources */ = {isa = PBXBuildFile; fileRef = 226A37232DF667B1008D43E2 /* SettingsCell.swift */; };
		226A372A2DF667B1008D43E2 /* ContactUsRow.swift in Sources */ = {isa = PBXBuildFile; fileRef = 226A37252DF667B1008D43E2 /* ContactUsRow.swift */; };
		226A372B2DF667B1008D43E2 /* ContactUS.swift in Sources */ = {isa = PBXBuildFile; fileRef = 226A37262DF667B1008D43E2 /* ContactUS.swift */; };
		226A372C2DF667B1008D43E2 /* SettingsScreen.swift in Sources */ = {isa = PBXBuildFile; fileRef = 226A37272DF667B1008D43E2 /* SettingsScreen.swift */; };
		227CB3DB2DFBD86E00F36E91 /* AddressModel.xcdatamodeld in Sources */ = {isa = PBXBuildFile; fileRef = 227CB3D92DFBD86E00F36E91 /* AddressModel.xcdatamodeld */; };
		227CB3DD2DFBD8CB00F36E91 /* AddressViewModel.swift in Sources */ = {isa = PBXBuildFile; fileRef = 227CB3DC2DFBD8CB00F36E91 /* AddressViewModel.swift */; };
		227CB3E02DFBDA2300F36E91 /* RepositoryProtocol.swift in Sources */ = {isa = PBXBuildFile; fileRef = 227CB3DF2DFBDA2300F36E91 /* RepositoryProtocol.swift */; };
		227CB3E22DFBDA4600F36E91 /* RepositoryImp.swift in Sources */ = {isa = PBXBuildFile; fileRef = 227CB3E12DFBDA4600F36E91 /* RepositoryImp.swift */; };
		227CB3E42DFBDDE900F36E91 /* CoreDataManager.swift in Sources */ = {isa = PBXBuildFile; fileRef = 227CB3E32DFBDDE900F36E91 /* CoreDataManager.swift */; };
		22CDF8CD2DFA369B00DBA7D2 /* SettingsViewModel.swift in Sources */ = {isa = PBXBuildFile; fileRef = 22CDF8CC2DFA369B00DBA7D2 /* SettingsViewModel.swift */; };
		22CDF8D02DFA988B00DBA7D2 /* CurrencyOfProduct.swift in Sources */ = {isa = PBXBuildFile; fileRef = 22CDF8CF2DFA988B00DBA7D2 /* CurrencyOfProduct.swift */; };
		22CDF8D32DFAA87600DBA7D2 /* CurrencySettingsCell.swift in Sources */ = {isa = PBXBuildFile; fileRef = 22CDF8D22DFAA87600DBA7D2 /* CurrencySettingsCell.swift */; };
		22CDF8D62DFAAD0300DBA7D2 /* priceFormatter.swift in Sources */ = {isa = PBXBuildFile; fileRef = 22CDF8D52DFAAD0300DBA7D2 /* priceFormatter.swift */; };
		22D017642DFCECA100F1E517 /* AddAddressScreen.swift in Sources */ = {isa = PBXBuildFile; fileRef = 22D017632DFCECA100F1E517 /* AddAddressScreen.swift */; };
		22DA21952DF67C74001FA5E0 /* AddressesScreen.swift in Sources */ = {isa = PBXBuildFile; fileRef = 22DA21942DF67C74001FA5E0 /* AddressesScreen.swift */; };
		22DA21982DF68151001FA5E0 /* ProfileScreen.swift in Sources */ = {isa = PBXBuildFile; fileRef = 22DA21972DF68151001FA5E0 /* ProfileScreen.swift */; };
		22DA219A2DF690C3001FA5E0 /* ProfileHeader.swift in Sources */ = {isa = PBXBuildFile; fileRef = 22DA21992DF690C3001FA5E0 /* ProfileHeader.swift */; };
		22DA219D2DF69CE5001FA5E0 /* Orders.swift in Sources */ = {isa = PBXBuildFile; fileRef = 22DA219C2DF69CE5001FA5E0 /* Orders.swift */; };
		22DA21A32DF79E51001FA5E0 /* ProfileViewModel.swift in Sources */ = {isa = PBXBuildFile; fileRef = 22DA21A22DF79E51001FA5E0 /* ProfileViewModel.swift */; };
		22DA21A82DF7BF1E001FA5E0 /* ProfileCell.swift in Sources */ = {isa = PBXBuildFile; fileRef = 22DA21A72DF7BF1E001FA5E0 /* ProfileCell.swift */; };
		22EBEF5C2DF2424100EF8FA6 /* Apollo in Frameworks */ = {isa = PBXBuildFile; productRef = 22EBEF5B2DF2424100EF8FA6 /* Apollo */; };
/* End PBXBuildFile section */

/* Begin PBXContainerItemProxy section */
		22132AB82DEC974A00FA9C90 /* PBXContainerItemProxy */ = {
			isa = PBXContainerItemProxy;
			containerPortal = 22132A9A2DEC974400FA9C90 /* Project object */;
			proxyType = 1;
			remoteGlobalIDString = 22132AA12DEC974500FA9C90;
			remoteInfo = "Shopify-IOS";
		};
		22132AC22DEC974A00FA9C90 /* PBXContainerItemProxy */ = {
			isa = PBXContainerItemProxy;
			containerPortal = 22132A9A2DEC974400FA9C90 /* Project object */;
			proxyType = 1;
			remoteGlobalIDString = 22132AA12DEC974500FA9C90;
			remoteInfo = "Shopify-IOS";
		};
/* End PBXContainerItemProxy section */

/* Begin PBXFileReference section */
		22132AA22DEC974500FA9C90 /* Shopify-IOS.app */ = {isa = PBXFileReference; explicitFileType = wrapper.application; includeInIndex = 0; path = "Shopify-IOS.app"; sourceTree = BUILT_PRODUCTS_DIR; };
		22132AB72DEC974A00FA9C90 /* Shopify-IOSTests.xctest */ = {isa = PBXFileReference; explicitFileType = wrapper.cfbundle; includeInIndex = 0; path = "Shopify-IOSTests.xctest"; sourceTree = BUILT_PRODUCTS_DIR; };
		22132ABB2DEC974A00FA9C90 /* Shopify_IOSTests.swift */ = {isa = PBXFileReference; lastKnownFileType = sourcecode.swift; path = Shopify_IOSTests.swift; sourceTree = "<group>"; };
		22132AC12DEC974A00FA9C90 /* Shopify-IOSUITests.xctest */ = {isa = PBXFileReference; explicitFileType = wrapper.cfbundle; includeInIndex = 0; path = "Shopify-IOSUITests.xctest"; sourceTree = BUILT_PRODUCTS_DIR; };
		22132AC52DEC974A00FA9C90 /* Shopify_IOSUITests.swift */ = {isa = PBXFileReference; lastKnownFileType = sourcecode.swift; path = Shopify_IOSUITests.swift; sourceTree = "<group>"; };
		22132AC72DEC974A00FA9C90 /* Shopify_IOSUITestsLaunchTests.swift */ = {isa = PBXFileReference; lastKnownFileType = sourcecode.swift; path = Shopify_IOSUITestsLaunchTests.swift; sourceTree = "<group>"; };
		221E10942DF6619600D3B4CD /* Assets.xcassets */ = {isa = PBXFileReference; lastKnownFileType = folder.assetcatalog; path = Assets.xcassets; sourceTree = "<group>"; };
		221E10972DF6619600D3B4CD /* Mappable.swift */ = {isa = PBXFileReference; fileEncoding = 4; lastKnownFileType = sourcecode.swift; path = Mappable.swift; sourceTree = "<group>"; };
		221E10982DF6619600D3B4CD /* Money.swift */ = {isa = PBXFileReference; fileEncoding = 4; lastKnownFileType = sourcecode.swift; path = Money.swift; sourceTree = "<group>"; };
		221E10992DF6619600D3B4CD /* Variants.swift */ = {isa = PBXFileReference; fileEncoding = 4; lastKnownFileType = sourcecode.swift; path = Variants.swift; sourceTree = "<group>"; };
		221E109A2DF6619600D3B4CD /* QuantityRuel.swift */ = {isa = PBXFileReference; fileEncoding = 4; lastKnownFileType = sourcecode.swift; path = QuantityRuel.swift; sourceTree = "<group>"; };
		221E109B2DF6619600D3B4CD /* Category.swift */ = {isa = PBXFileReference; fileEncoding = 4; lastKnownFileType = sourcecode.swift; path = Category.swift; sourceTree = "<group>"; };
		221E109C2DF6619600D3B4CD /* Product.swift */ = {isa = PBXFileReference; fileEncoding = 4; lastKnownFileType = sourcecode.swift; path = Product.swift; sourceTree = "<group>"; };
		221E109E2DF6619600D3B4CD /* ArrayExtention.swift */ = {isa = PBXFileReference; fileEncoding = 4; lastKnownFileType = sourcecode.swift; path = ArrayExtention.swift; sourceTree = "<group>"; };
		221E109F2DF6619600D3B4CD /* AppConstant.swift */ = {isa = PBXFileReference; fileEncoding = 4; lastKnownFileType = sourcecode.swift; path = AppConstant.swift; sourceTree = "<group>"; };
		221E10A02DF6619600D3B4CD /* ImageViewExtension.swift */ = {isa = PBXFileReference; fileEncoding = 4; lastKnownFileType = sourcecode.swift; path = ImageViewExtension.swift; sourceTree = "<group>"; };
		221E10A12DF6619600D3B4CD /* ProducteExtentions.swift */ = {isa = PBXFileReference; fileEncoding = 4; lastKnownFileType = sourcecode.swift; path = ProducteExtentions.swift; sourceTree = "<group>"; };
		221E10A32DF6619600D3B4CD /* Preview Assets.xcassets */ = {isa = PBXFileReference; lastKnownFileType = folder.assetcatalog; path = "Preview Assets.xcassets"; sourceTree = "<group>"; };
		221E10A72DF6619600D3B4CD /* Colors.swift */ = {isa = PBXFileReference; fileEncoding = 4; lastKnownFileType = sourcecode.swift; path = Colors.swift; sourceTree = "<group>"; };
		221E10A92DF6619600D3B4CD /* Configurations.plist */ = {isa = PBXFileReference; fileEncoding = 4; lastKnownFileType = text.plist.xml; path = Configurations.plist; sourceTree = "<group>"; };
		221E10B12DF6619600D3B4CD /* TabBarButtonswift.swift */ = {isa = PBXFileReference; fileEncoding = 4; lastKnownFileType = sourcecode.swift; path = TabBarButtonswift.swift; sourceTree = "<group>"; };
		221E10B22DF6619600D3B4CD /* ViewsContainer.swift */ = {isa = PBXFileReference; fileEncoding = 4; lastKnownFileType = sourcecode.swift; path = ViewsContainer.swift; sourceTree = "<group>"; };
		221E10B32DF6619600D3B4CD /* CustomTabBarShap.swift */ = {isa = PBXFileReference; fileEncoding = 4; lastKnownFileType = sourcecode.swift; path = CustomTabBarShap.swift; sourceTree = "<group>"; };
		221E10B62DF6619600D3B4CD /* ProductDetailsView.swift */ = {isa = PBXFileReference; fileEncoding = 4; lastKnownFileType = sourcecode.swift; path = ProductDetailsView.swift; sourceTree = "<group>"; };
		221E10B92DF6619600D3B4CD /* CategoriesScreen.swift */ = {isa = PBXFileReference; fileEncoding = 4; lastKnownFileType = sourcecode.swift; path = CategoriesScreen.swift; sourceTree = "<group>"; };
		221E10BC2DF6619600D3B4CD /* HomeViewModel.swift */ = {isa = PBXFileReference; fileEncoding = 4; lastKnownFileType = sourcecode.swift; path = HomeViewModel.swift; sourceTree = "<group>"; };
		221E10BE2DF6619600D3B4CD /* CouponesIage.swift */ = {isa = PBXFileReference; fileEncoding = 4; lastKnownFileType = sourcecode.swift; path = CouponesIage.swift; sourceTree = "<group>"; };
		221E10C02DF6619600D3B4CD /* covers.json */ = {isa = PBXFileReference; fileEncoding = 4; lastKnownFileType = text.json; path = covers.json; sourceTree = "<group>"; };
		221E10C22DF6619600D3B4CD /* ProductItem.swift */ = {isa = PBXFileReference; fileEncoding = 4; lastKnownFileType = sourcecode.swift; path = ProductItem.swift; sourceTree = "<group>"; };
		221E10C32DF6619600D3B4CD /* ProductsView.swift */ = {isa = PBXFileReference; fileEncoding = 4; lastKnownFileType = sourcecode.swift; path = ProductsView.swift; sourceTree = "<group>"; };
		221E10C42DF6619600D3B4CD /* imge.swift */ = {isa = PBXFileReference; fileEncoding = 4; lastKnownFileType = sourcecode.swift; path = imge.swift; sourceTree = "<group>"; };
		221E10C52DF6619600D3B4CD /* ProductHeader.swift */ = {isa = PBXFileReference; fileEncoding = 4; lastKnownFileType = sourcecode.swift; path = ProductHeader.swift; sourceTree = "<group>"; };
		221E10C62DF6619600D3B4CD /* Header.swift */ = {isa = PBXFileReference; fileEncoding = 4; lastKnownFileType = sourcecode.swift; path = Header.swift; sourceTree = "<group>"; };
		221E10C72DF6619600D3B4CD /* Coupons.swift */ = {isa = PBXFileReference; fileEncoding = 4; lastKnownFileType = sourcecode.swift; path = Coupons.swift; sourceTree = "<group>"; };
		221E10C82DF6619600D3B4CD /* HomeScreen.swift */ = {isa = PBXFileReference; fileEncoding = 4; lastKnownFileType = sourcecode.swift; path = HomeScreen.swift; sourceTree = "<group>"; };
		221E10CD2DF6619600D3B4CD /* Shopify_IOS.xcdatamodel */ = {isa = PBXFileReference; lastKnownFileType = wrapper.xcdatamodel; path = Shopify_IOS.xcdatamodel; sourceTree = "<group>"; };
		221E10CE2DF6619600D3B4CD /* Persistence.swift */ = {isa = PBXFileReference; fileEncoding = 4; lastKnownFileType = sourcecode.swift; path = Persistence.swift; sourceTree = "<group>"; };
		221E10D12DF6619600D3B4CD /* TokenInterceptor.swift */ = {isa = PBXFileReference; fileEncoding = 4; lastKnownFileType = sourcecode.swift; path = TokenInterceptor.swift; sourceTree = "<group>"; };
		221E10D32DF6619600D3B4CD /* RequestType.swift */ = {isa = PBXFileReference; fileEncoding = 4; lastKnownFileType = sourcecode.swift; path = RequestType.swift; sourceTree = "<group>"; };
		221E10D42DF6619600D3B4CD /* NetworkConstants.swift */ = {isa = PBXFileReference; fileEncoding = 4; lastKnownFileType = sourcecode.swift; path = NetworkConstants.swift; sourceTree = "<group>"; };
		221E10D52DF6619600D3B4CD /* NetworkManager.swift */ = {isa = PBXFileReference; fileEncoding = 4; lastKnownFileType = sourcecode.swift; path = NetworkManager.swift; sourceTree = "<group>"; };
		221E10D72DF6619600D3B4CD /* GetProducts.graphql */ = {isa = PBXFileReference; fileEncoding = 4; lastKnownFileType = text; path = GetProducts.graphql; sourceTree = "<group>"; };
		221E10D82DF6619600D3B4CD /* GetCollections.graphql */ = {isa = PBXFileReference; fileEncoding = 4; lastKnownFileType = text; path = GetCollections.graphql; sourceTree = "<group>"; };
		221E10DA2DF6619600D3B4CD /* GraphQLCodeGen.graphql.swift */ = {isa = PBXFileReference; fileEncoding = 4; lastKnownFileType = sourcecode.swift; path = GraphQLCodeGen.graphql.swift; sourceTree = "<group>"; };
		221E10DD2DF6619600D3B4CD /* GetAllProductsQuery.graphql.swift */ = {isa = PBXFileReference; fileEncoding = 4; lastKnownFileType = sourcecode.swift; path = GetAllProductsQuery.graphql.swift; sourceTree = "<group>"; };
		221E10DE2DF6619600D3B4CD /* GetCollectionsQuery.graphql.swift */ = {isa = PBXFileReference; fileEncoding = 4; lastKnownFileType = sourcecode.swift; path = GetCollectionsQuery.graphql.swift; sourceTree = "<group>"; };
		221E10E12DF6619600D3B4CD /* ID.swift */ = {isa = PBXFileReference; fileEncoding = 4; lastKnownFileType = sourcecode.swift; path = ID.swift; sourceTree = "<group>"; };
		221E10E22DF6619600D3B4CD /* Decimal.swift */ = {isa = PBXFileReference; fileEncoding = 4; lastKnownFileType = sourcecode.swift; path = Decimal.swift; sourceTree = "<group>"; };
		221E10E32DF6619600D3B4CD /* HTML.swift */ = {isa = PBXFileReference; fileEncoding = 4; lastKnownFileType = sourcecode.swift; path = HTML.swift; sourceTree = "<group>"; };
		221E10E42DF6619600D3B4CD /* URL.swift */ = {isa = PBXFileReference; fileEncoding = 4; lastKnownFileType = sourcecode.swift; path = URL.swift; sourceTree = "<group>"; };
		221E10E62DF6619600D3B4CD /* CountPrecision.graphql.swift */ = {isa = PBXFileReference; fileEncoding = 4; lastKnownFileType = sourcecode.swift; path = CountPrecision.graphql.swift; sourceTree = "<group>"; };
		221E10E72DF6619600D3B4CD /* CurrencyCode.graphql.swift */ = {isa = PBXFileReference; fileEncoding = 4; lastKnownFileType = sourcecode.swift; path = CurrencyCode.graphql.swift; sourceTree = "<group>"; };
		221E10E92DF6619600D3B4CD /* Image.graphql.swift */ = {isa = PBXFileReference; fileEncoding = 4; lastKnownFileType = sourcecode.swift; path = Image.graphql.swift; sourceTree = "<group>"; };
		221E10EA2DF6619600D3B4CD /* ProductOptionValue.graphql.swift */ = {isa = PBXFileReference; fileEncoding = 4; lastKnownFileType = sourcecode.swift; path = ProductOptionValue.graphql.swift; sourceTree = "<group>"; };
		221E10EB2DF6619600D3B4CD /* SellingPlan.graphql.swift */ = {isa = PBXFileReference; fileEncoding = 4; lastKnownFileType = sourcecode.swift; path = SellingPlan.graphql.swift; sourceTree = "<group>"; };
		221E10EC2DF6619600D3B4CD /* ProductVariant.graphql.swift */ = {isa = PBXFileReference; fileEncoding = 4; lastKnownFileType = sourcecode.swift; path = ProductVariant.graphql.swift; sourceTree = "<group>"; };
		221E10ED2DF6619600D3B4CD /* Blog.graphql.swift */ = {isa = PBXFileReference; fileEncoding = 4; lastKnownFileType = sourcecode.swift; path = Blog.graphql.swift; sourceTree = "<group>"; };
		221E10EE2DF6619600D3B4CD /* Model3d.graphql.swift */ = {isa = PBXFileReference; fileEncoding = 4; lastKnownFileType = sourcecode.swift; path = Model3d.graphql.swift; sourceTree = "<group>"; };
		221E10EF2DF6619600D3B4CD /* MenuItem.graphql.swift */ = {isa = PBXFileReference; fileEncoding = 4; lastKnownFileType = sourcecode.swift; path = MenuItem.graphql.swift; sourceTree = "<group>"; };
		221E10F02DF6619600D3B4CD /* Order.graphql.swift */ = {isa = PBXFileReference; fileEncoding = 4; lastKnownFileType = sourcecode.swift; path = Order.graphql.swift; sourceTree = "<group>"; };
		221E10F12DF6619600D3B4CD /* Comment.graphql.swift */ = {isa = PBXFileReference; fileEncoding = 4; lastKnownFileType = sourcecode.swift; path = Comment.graphql.swift; sourceTree = "<group>"; };
		221E10F22DF6619600D3B4CD /* UrlRedirect.graphql.swift */ = {isa = PBXFileReference; fileEncoding = 4; lastKnownFileType = sourcecode.swift; path = UrlRedirect.graphql.swift; sourceTree = "<group>"; };
		221E10F32DF6619600D3B4CD /* Shop.graphql.swift */ = {isa = PBXFileReference; fileEncoding = 4; lastKnownFileType = sourcecode.swift; path = Shop.graphql.swift; sourceTree = "<group>"; };
		221E10F42DF6619600D3B4CD /* ImageConnection.graphql.swift */ = {isa = PBXFileReference; fileEncoding = 4; lastKnownFileType = sourcecode.swift; path = ImageConnection.graphql.swift; sourceTree = "<group>"; };
		221E10F52DF6619600D3B4CD /* GenericFile.graphql.swift */ = {isa = PBXFileReference; fileEncoding = 4; lastKnownFileType = sourcecode.swift; path = GenericFile.graphql.swift; sourceTree = "<group>"; };
		221E10F62DF6619600D3B4CD /* TaxonomyCategory.graphql.swift */ = {isa = PBXFileReference; fileEncoding = 4; lastKnownFileType = sourcecode.swift; path = TaxonomyCategory.graphql.swift; sourceTree = "<group>"; };
		221E10F72DF6619600D3B4CD /* ProductOption.graphql.swift */ = {isa = PBXFileReference; fileEncoding = 4; lastKnownFileType = sourcecode.swift; path = ProductOption.graphql.swift; sourceTree = "<group>"; };
		221E10F82DF6619600D3B4CD /* Count.graphql.swift */ = {isa = PBXFileReference; fileEncoding = 4; lastKnownFileType = sourcecode.swift; path = Count.graphql.swift; sourceTree = "<group>"; };
		221E10F92DF6619600D3B4CD /* QuantityRule.graphql.swift */ = {isa = PBXFileReference; fileEncoding = 4; lastKnownFileType = sourcecode.swift; path = QuantityRule.graphql.swift; sourceTree = "<group>"; };
		221E10FA2DF6619600D3B4CD /* Collection.graphql.swift */ = {isa = PBXFileReference; fileEncoding = 4; lastKnownFileType = sourcecode.swift; path = Collection.graphql.swift; sourceTree = "<group>"; };
		221E10FB2DF6619600D3B4CD /* ShopPayInstallmentsFinancingPlanTerm.graphql.swift */ = {isa = PBXFileReference; fileEncoding = 4; lastKnownFileType = sourcecode.swift; path = ShopPayInstallmentsFinancingPlanTerm.graphql.swift; sourceTree = "<group>"; };
		221E10FC2DF6619600D3B4CD /* ExternalVideo.graphql.swift */ = {isa = PBXFileReference; fileEncoding = 4; lastKnownFileType = sourcecode.swift; path = ExternalVideo.graphql.swift; sourceTree = "<group>"; };
		221E10FD2DF6619600D3B4CD /* ProductConnection.graphql.swift */ = {isa = PBXFileReference; fileEncoding = 4; lastKnownFileType = sourcecode.swift; path = ProductConnection.graphql.swift; sourceTree = "<group>"; };
		221E10FE2DF6619600D3B4CD /* CompanyContact.graphql.swift */ = {isa = PBXFileReference; fileEncoding = 4; lastKnownFileType = sourcecode.swift; path = CompanyContact.graphql.swift; sourceTree = "<group>"; };
		221E10FF2DF6619600D3B4CD /* Menu.graphql.swift */ = {isa = PBXFileReference; fileEncoding = 4; lastKnownFileType = sourcecode.swift; path = Menu.graphql.swift; sourceTree = "<group>"; };
		221E11002DF6619600D3B4CD /* Company.graphql.swift */ = {isa = PBXFileReference; fileEncoding = 4; lastKnownFileType = sourcecode.swift; path = Company.graphql.swift; sourceTree = "<group>"; };
		221E11012DF6619600D3B4CD /* Location.graphql.swift */ = {isa = PBXFileReference; fileEncoding = 4; lastKnownFileType = sourcecode.swift; path = Location.graphql.swift; sourceTree = "<group>"; };
		221E11022DF6619600D3B4CD /* Metaobject.graphql.swift */ = {isa = PBXFileReference; fileEncoding = 4; lastKnownFileType = sourcecode.swift; path = Metaobject.graphql.swift; sourceTree = "<group>"; };
		221E11032DF6619600D3B4CD /* QueryRoot.graphql.swift */ = {isa = PBXFileReference; fileEncoding = 4; lastKnownFileType = sourcecode.swift; path = QueryRoot.graphql.swift; sourceTree = "<group>"; };
		221E11042DF6619600D3B4CD /* CompanyLocation.graphql.swift */ = {isa = PBXFileReference; fileEncoding = 4; lastKnownFileType = sourcecode.swift; path = CompanyLocation.graphql.swift; sourceTree = "<group>"; };
		221E11052DF6619600D3B4CD /* Cart.graphql.swift */ = {isa = PBXFileReference; fileEncoding = 4; lastKnownFileType = sourcecode.swift; path = Cart.graphql.swift; sourceTree = "<group>"; };
		221E11062DF6619600D3B4CD /* MoneyV2.graphql.swift */ = {isa = PBXFileReference; fileEncoding = 4; lastKnownFileType = sourcecode.swift; path = MoneyV2.graphql.swift; sourceTree = "<group>"; };
		221E11072DF6619600D3B4CD /* Customer.graphql.swift */ = {isa = PBXFileReference; fileEncoding = 4; lastKnownFileType = sourcecode.swift; path = Customer.graphql.swift; sourceTree = "<group>"; };
		221E11082DF6619600D3B4CD /* CartLine.graphql.swift */ = {isa = PBXFileReference; fileEncoding = 4; lastKnownFileType = sourcecode.swift; path = CartLine.graphql.swift; sourceTree = "<group>"; };
		221E11092DF6619600D3B4CD /* MailingAddress.graphql.swift */ = {isa = PBXFileReference; fileEncoding = 4; lastKnownFileType = sourcecode.swift; path = MailingAddress.graphql.swift; sourceTree = "<group>"; };
		221E110A2DF6619600D3B4CD /* ShopPayInstallmentsFinancingPlan.graphql.swift */ = {isa = PBXFileReference; fileEncoding = 4; lastKnownFileType = sourcecode.swift; path = ShopPayInstallmentsFinancingPlan.graphql.swift; sourceTree = "<group>"; };
		221E110B2DF6619600D3B4CD /* Page.graphql.swift */ = {isa = PBXFileReference; fileEncoding = 4; lastKnownFileType = sourcecode.swift; path = Page.graphql.swift; sourceTree = "<group>"; };
		221E110C2DF6619600D3B4CD /* SearchQuerySuggestion.graphql.swift */ = {isa = PBXFileReference; fileEncoding = 4; lastKnownFileType = sourcecode.swift; path = SearchQuerySuggestion.graphql.swift; sourceTree = "<group>"; };
		221E110D2DF6619600D3B4CD /* CollectionConnection.graphql.swift */ = {isa = PBXFileReference; fileEncoding = 4; lastKnownFileType = sourcecode.swift; path = CollectionConnection.graphql.swift; sourceTree = "<group>"; };
		221E110E2DF6619600D3B4CD /* ProductVariantConnection.graphql.swift */ = {isa = PBXFileReference; fileEncoding = 4; lastKnownFileType = sourcecode.swift; path = ProductVariantConnection.graphql.swift; sourceTree = "<group>"; };
		221E110F2DF6619600D3B4CD /* Market.graphql.swift */ = {isa = PBXFileReference; fileEncoding = 4; lastKnownFileType = sourcecode.swift; path = Market.graphql.swift; sourceTree = "<group>"; };
		221E11102DF6619600D3B4CD /* Metafield.graphql.swift */ = {isa = PBXFileReference; fileEncoding = 4; lastKnownFileType = sourcecode.swift; path = Metafield.graphql.swift; sourceTree = "<group>"; };
		221E11112DF6619600D3B4CD /* Article.graphql.swift */ = {isa = PBXFileReference; fileEncoding = 4; lastKnownFileType = sourcecode.swift; path = Article.graphql.swift; sourceTree = "<group>"; };
		221E11122DF6619600D3B4CD /* AppliedGiftCard.graphql.swift */ = {isa = PBXFileReference; fileEncoding = 4; lastKnownFileType = sourcecode.swift; path = AppliedGiftCard.graphql.swift; sourceTree = "<group>"; };
		221E11132DF6619600D3B4CD /* ComponentizableCartLine.graphql.swift */ = {isa = PBXFileReference; fileEncoding = 4; lastKnownFileType = sourcecode.swift; path = ComponentizableCartLine.graphql.swift; sourceTree = "<group>"; };
		221E11142DF6619600D3B4CD /* MediaImage.graphql.swift */ = {isa = PBXFileReference; fileEncoding = 4; lastKnownFileType = sourcecode.swift; path = MediaImage.graphql.swift; sourceTree = "<group>"; };
		221E11152DF6619600D3B4CD /* Video.graphql.swift */ = {isa = PBXFileReference; fileEncoding = 4; lastKnownFileType = sourcecode.swift; path = Video.graphql.swift; sourceTree = "<group>"; };
		221E11162DF6619600D3B4CD /* Product.graphql.swift */ = {isa = PBXFileReference; fileEncoding = 4; lastKnownFileType = sourcecode.swift; path = Product.graphql.swift; sourceTree = "<group>"; };
		221E11172DF6619600D3B4CD /* ShopPolicy.graphql.swift */ = {isa = PBXFileReference; fileEncoding = 4; lastKnownFileType = sourcecode.swift; path = ShopPolicy.graphql.swift; sourceTree = "<group>"; };
		221E11182DF6619600D3B4CD /* MediaPresentation.graphql.swift */ = {isa = PBXFileReference; fileEncoding = 4; lastKnownFileType = sourcecode.swift; path = MediaPresentation.graphql.swift; sourceTree = "<group>"; };
		221E11192DF6619600D3B4CD /* ShopPayInstallmentsProductVariantPricing.graphql.swift */ = {isa = PBXFileReference; fileEncoding = 4; lastKnownFileType = sourcecode.swift; path = ShopPayInstallmentsProductVariantPricing.graphql.swift; sourceTree = "<group>"; };
		221E111A2DF6619600D3B4CD /* SchemaConfiguration.swift */ = {isa = PBXFileReference; fileEncoding = 4; lastKnownFileType = sourcecode.swift; path = SchemaConfiguration.swift; sourceTree = "<group>"; };
		221E111B2DF6619600D3B4CD /* SchemaMetadata.graphql.swift */ = {isa = PBXFileReference; fileEncoding = 4; lastKnownFileType = sourcecode.swift; path = SchemaMetadata.graphql.swift; sourceTree = "<group>"; };
		221E111D2DF6619600D3B4CD /* Media.graphql.swift */ = {isa = PBXFileReference; fileEncoding = 4; lastKnownFileType = sourcecode.swift; path = Media.graphql.swift; sourceTree = "<group>"; };
		221E111E2DF6619600D3B4CD /* Trackable.graphql.swift */ = {isa = PBXFileReference; fileEncoding = 4; lastKnownFileType = sourcecode.swift; path = Trackable.graphql.swift; sourceTree = "<group>"; };
		221E111F2DF6619600D3B4CD /* HasMetafields.graphql.swift */ = {isa = PBXFileReference; fileEncoding = 4; lastKnownFileType = sourcecode.swift; path = HasMetafields.graphql.swift; sourceTree = "<group>"; };
		221E11202DF6619600D3B4CD /* BaseCartLine.graphql.swift */ = {isa = PBXFileReference; fileEncoding = 4; lastKnownFileType = sourcecode.swift; path = BaseCartLine.graphql.swift; sourceTree = "<group>"; };
		221E11212DF6619600D3B4CD /* OnlineStorePublishable.graphql.swift */ = {isa = PBXFileReference; fileEncoding = 4; lastKnownFileType = sourcecode.swift; path = OnlineStorePublishable.graphql.swift; sourceTree = "<group>"; };
		221E11222DF6619600D3B4CD /* Node.graphql.swift */ = {isa = PBXFileReference; fileEncoding = 4; lastKnownFileType = sourcecode.swift; path = Node.graphql.swift; sourceTree = "<group>"; };
		221E11242DF6619600D3B4CD /* schema.graphqls */ = {isa = PBXFileReference; fileEncoding = 4; lastKnownFileType = text; path = schema.graphqls; sourceTree = "<group>"; };
		221E11252DF6619600D3B4CD /* NetworkInterceptorProvider.swift */ = {isa = PBXFileReference; fileEncoding = 4; lastKnownFileType = sourcecode.swift; path = NetworkInterceptorProvider.swift; sourceTree = "<group>"; };
		221E11272DF6619600D3B4CD /* NetworkManagerProtocol.swift */ = {isa = PBXFileReference; fileEncoding = 4; lastKnownFileType = sourcecode.swift; path = NetworkManagerProtocol.swift; sourceTree = "<group>"; };
		221E11292DF6619600D3B4CD /* Shopify_IOSApp.swift */ = {isa = PBXFileReference; fileEncoding = 4; lastKnownFileType = sourcecode.swift; path = Shopify_IOSApp.swift; sourceTree = "<group>"; };
		221E119E2DF664F600D3B4CD /* ContentView.swift */ = {isa = PBXFileReference; fileEncoding = 4; lastKnownFileType = sourcecode.swift; path = ContentView.swift; sourceTree = "<group>"; };
		226A37222DF667B1008D43E2 /* AboutUs.swift */ = {isa = PBXFileReference; fileEncoding = 4; lastKnownFileType = sourcecode.swift; path = AboutUs.swift; sourceTree = "<group>"; };
		226A37232DF667B1008D43E2 /* SettingsCell.swift */ = {isa = PBXFileReference; fileEncoding = 4; lastKnownFileType = sourcecode.swift; path = SettingsCell.swift; sourceTree = "<group>"; };
		226A37252DF667B1008D43E2 /* ContactUsRow.swift */ = {isa = PBXFileReference; fileEncoding = 4; lastKnownFileType = sourcecode.swift; path = ContactUsRow.swift; sourceTree = "<group>"; };
		226A37262DF667B1008D43E2 /* ContactUS.swift */ = {isa = PBXFileReference; fileEncoding = 4; lastKnownFileType = sourcecode.swift; path = ContactUS.swift; sourceTree = "<group>"; };
		226A37272DF667B1008D43E2 /* SettingsScreen.swift */ = {isa = PBXFileReference; fileEncoding = 4; lastKnownFileType = sourcecode.swift; path = SettingsScreen.swift; sourceTree = "<group>"; };
		227CB3DA2DFBD86E00F36E91 /* AddressModel.xcdatamodel */ = {isa = PBXFileReference; lastKnownFileType = wrapper.xcdatamodel; path = AddressModel.xcdatamodel; sourceTree = "<group>"; };
		227CB3DC2DFBD8CB00F36E91 /* AddressViewModel.swift */ = {isa = PBXFileReference; lastKnownFileType = sourcecode.swift; path = AddressViewModel.swift; sourceTree = "<group>"; };
		227CB3DF2DFBDA2300F36E91 /* RepositoryProtocol.swift */ = {isa = PBXFileReference; lastKnownFileType = sourcecode.swift; path = RepositoryProtocol.swift; sourceTree = "<group>"; };
		227CB3E12DFBDA4600F36E91 /* RepositoryImp.swift */ = {isa = PBXFileReference; lastKnownFileType = sourcecode.swift; path = RepositoryImp.swift; sourceTree = "<group>"; };
		227CB3E32DFBDDE900F36E91 /* CoreDataManager.swift */ = {isa = PBXFileReference; lastKnownFileType = sourcecode.swift; path = CoreDataManager.swift; sourceTree = "<group>"; };
		22CDF8CC2DFA369B00DBA7D2 /* SettingsViewModel.swift */ = {isa = PBXFileReference; lastKnownFileType = sourcecode.swift; path = SettingsViewModel.swift; sourceTree = "<group>"; };
		22CDF8CF2DFA988B00DBA7D2 /* CurrencyOfProduct.swift */ = {isa = PBXFileReference; lastKnownFileType = sourcecode.swift; path = CurrencyOfProduct.swift; sourceTree = "<group>"; };
		22CDF8D22DFAA87600DBA7D2 /* CurrencySettingsCell.swift */ = {isa = PBXFileReference; lastKnownFileType = sourcecode.swift; path = CurrencySettingsCell.swift; sourceTree = "<group>"; };
		22CDF8D52DFAAD0300DBA7D2 /* priceFormatter.swift */ = {isa = PBXFileReference; lastKnownFileType = sourcecode.swift; path = priceFormatter.swift; sourceTree = "<group>"; };
		22D017632DFCECA100F1E517 /* AddAddressScreen.swift */ = {isa = PBXFileReference; lastKnownFileType = sourcecode.swift; path = AddAddressScreen.swift; sourceTree = "<group>"; };
		22DA21942DF67C74001FA5E0 /* AddressesScreen.swift */ = {isa = PBXFileReference; lastKnownFileType = sourcecode.swift; path = AddressesScreen.swift; sourceTree = "<group>"; };
		22DA21972DF68151001FA5E0 /* ProfileScreen.swift */ = {isa = PBXFileReference; lastKnownFileType = sourcecode.swift; path = ProfileScreen.swift; sourceTree = "<group>"; };
		22DA21992DF690C3001FA5E0 /* ProfileHeader.swift */ = {isa = PBXFileReference; lastKnownFileType = sourcecode.swift; path = ProfileHeader.swift; sourceTree = "<group>"; };
		22DA219C2DF69CE5001FA5E0 /* Orders.swift */ = {isa = PBXFileReference; lastKnownFileType = sourcecode.swift; path = Orders.swift; sourceTree = "<group>"; };
		22DA21A22DF79E51001FA5E0 /* ProfileViewModel.swift */ = {isa = PBXFileReference; lastKnownFileType = sourcecode.swift; path = ProfileViewModel.swift; sourceTree = "<group>"; };
		22DA21A72DF7BF1E001FA5E0 /* ProfileCell.swift */ = {isa = PBXFileReference; lastKnownFileType = sourcecode.swift; path = ProfileCell.swift; sourceTree = "<group>"; };
/* End PBXFileReference section */

/* Begin PBXFrameworksBuildPhase section */
		22132A9F2DEC974500FA9C90 /* Frameworks */ = {
			isa = PBXFrameworksBuildPhase;
			buildActionMask = 2147483647;
			files = (
				221E119D2DF6635500D3B4CD /* Kingfisher in Frameworks */,
				22EBEF5C2DF2424100EF8FA6 /* Apollo in Frameworks */,
			);
			runOnlyForDeploymentPostprocessing = 0;
		};
		22132AB42DEC974A00FA9C90 /* Frameworks */ = {
			isa = PBXFrameworksBuildPhase;
			buildActionMask = 2147483647;
			files = (
			);
			runOnlyForDeploymentPostprocessing = 0;
		};
		22132ABE2DEC974A00FA9C90 /* Frameworks */ = {
			isa = PBXFrameworksBuildPhase;
			buildActionMask = 2147483647;
			files = (
			);
			runOnlyForDeploymentPostprocessing = 0;
		};
/* End PBXFrameworksBuildPhase section */

/* Begin PBXGroup section */
		22132A992DEC974400FA9C90 = {
			isa = PBXGroup;
			children = (
				22132AA42DEC974500FA9C90 /* Shopify-IOS */,
				22132ABA2DEC974A00FA9C90 /* Shopify-IOSTests */,
				22132AC42DEC974A00FA9C90 /* Shopify-IOSUITests */,
				22132AA32DEC974500FA9C90 /* Products */,
			);
			sourceTree = "<group>";
		};
		22132AA32DEC974500FA9C90 /* Products */ = {
			isa = PBXGroup;
			children = (
				22132AA22DEC974500FA9C90 /* Shopify-IOS.app */,
				22132AB72DEC974A00FA9C90 /* Shopify-IOSTests.xctest */,
				22132AC12DEC974A00FA9C90 /* Shopify-IOSUITests.xctest */,
			);
			name = Products;
			sourceTree = "<group>";
		};
		22132AA42DEC974500FA9C90 /* Shopify-IOS */ = {
			isa = PBXGroup;
			children = (
				221E119E2DF664F600D3B4CD /* ContentView.swift */,
				221E11282DF6619600D3B4CD /* App */,
				221E10CA2DF6619600D3B4CD /* DataLayer */,
				221E10952DF6619600D3B4CD /* Domin */,
				221E10AA2DF6619600D3B4CD /* PresentationLayer */,
				221E10A22DF6619600D3B4CD /* Preview Content */,
				221E10932DF6619600D3B4CD /* Resources */,
				221E10A52DF6619600D3B4CD /* Units */,
			);
			path = "Shopify-IOS";
			sourceTree = "<group>";
		};
		22132ABA2DEC974A00FA9C90 /* Shopify-IOSTests */ = {
			isa = PBXGroup;
			children = (
				22132ABB2DEC974A00FA9C90 /* Shopify_IOSTests.swift */,
			);
			path = "Shopify-IOSTests";
			sourceTree = "<group>";
		};
		22132AC42DEC974A00FA9C90 /* Shopify-IOSUITests */ = {
			isa = PBXGroup;
			children = (
				22132AC52DEC974A00FA9C90 /* Shopify_IOSUITests.swift */,
				22132AC72DEC974A00FA9C90 /* Shopify_IOSUITestsLaunchTests.swift */,
			);
			path = "Shopify-IOSUITests";
			sourceTree = "<group>";
		};
		221E10932DF6619600D3B4CD /* Resources */ = {
			isa = PBXGroup;
			children = (
				221E10942DF6619600D3B4CD /* Assets.xcassets */,
			);
			path = Resources;
			sourceTree = "<group>";
		};
		221E10952DF6619600D3B4CD /* Domin */ = {
			isa = PBXGroup;
			children = (
				22CDF8CE2DFA986700DBA7D2 /* Enums */,
				221E10962DF6619600D3B4CD /* Entity */,
				221E109D2DF6619600D3B4CD /* Utilites */,
			);
			path = Domin;
			sourceTree = "<group>";
		};
		221E10962DF6619600D3B4CD /* Entity */ = {
			isa = PBXGroup;
			children = (
				221E10972DF6619600D3B4CD /* Mappable.swift */,
				221E10982DF6619600D3B4CD /* Money.swift */,
				221E10992DF6619600D3B4CD /* Variants.swift */,
				221E109A2DF6619600D3B4CD /* QuantityRuel.swift */,
				221E109B2DF6619600D3B4CD /* Category.swift */,
				221E109C2DF6619600D3B4CD /* Product.swift */,
			);
			path = Entity;
			sourceTree = "<group>";
		};
		221E109D2DF6619600D3B4CD /* Utilites */ = {
			isa = PBXGroup;
			children = (
				221E109E2DF6619600D3B4CD /* ArrayExtention.swift */,
				221E109F2DF6619600D3B4CD /* AppConstant.swift */,
				221E10A02DF6619600D3B4CD /* ImageViewExtension.swift */,
				221E10A12DF6619600D3B4CD /* ProducteExtentions.swift */,
			);
			path = Utilites;
			sourceTree = "<group>";
		};
		221E10A22DF6619600D3B4CD /* Preview Content */ = {
			isa = PBXGroup;
			children = (
				221E10A32DF6619600D3B4CD /* Preview Assets.xcassets */,
			);
			path = "Preview Content";
			sourceTree = "<group>";
		};
		221E10A52DF6619600D3B4CD /* Units */ = {
			isa = PBXGroup;
			children = (
				22CDF8D42DFAACE100DBA7D2 /* Price Formatter */,
				221E10A62DF6619600D3B4CD /* Colors */,
				221E10A82DF6619600D3B4CD /* Configs */,
			);
			path = Units;
			sourceTree = "<group>";
		};
		221E10A62DF6619600D3B4CD /* Colors */ = {
			isa = PBXGroup;
			children = (
				221E10A72DF6619600D3B4CD /* Colors.swift */,
			);
			path = Colors;
			sourceTree = "<group>";
		};
		221E10A82DF6619600D3B4CD /* Configs */ = {
			isa = PBXGroup;
			children = (
				221E10A92DF6619600D3B4CD /* Configurations.plist */,
			);
			path = Configs;
			sourceTree = "<group>";
		};
		221E10AA2DF6619600D3B4CD /* PresentationLayer */ = {
			isa = PBXGroup;
			children = (
				22DA21962DF68020001FA5E0 /* ProfileScreen */,
				221E10AF2DF6619600D3B4CD /* ViewsContainer */,
				221E10B42DF6619600D3B4CD /* Products */,
				221E10B72DF6619600D3B4CD /* CategoriesScreen */,
				221E10BA2DF6619600D3B4CD /* HomeScreen */,
			);
			path = PresentationLayer;
			sourceTree = "<group>";
		};
		221E10AF2DF6619600D3B4CD /* ViewsContainer */ = {
			isa = PBXGroup;
			children = (
				221E10B02DF6619600D3B4CD /* Views */,
			);
			path = ViewsContainer;
			sourceTree = "<group>";
		};
		221E10B02DF6619600D3B4CD /* Views */ = {
			isa = PBXGroup;
			children = (
				221E10B12DF6619600D3B4CD /* TabBarButtonswift.swift */,
				221E10B22DF6619600D3B4CD /* ViewsContainer.swift */,
				221E10B32DF6619600D3B4CD /* CustomTabBarShap.swift */,
			);
			path = Views;
			sourceTree = "<group>";
		};
		221E10B42DF6619600D3B4CD /* Products */ = {
			isa = PBXGroup;
			children = (
				221E10B52DF6619600D3B4CD /* view */,
			);
			path = Products;
			sourceTree = "<group>";
		};
		221E10B52DF6619600D3B4CD /* view */ = {
			isa = PBXGroup;
			children = (
				221E10B62DF6619600D3B4CD /* ProductDetailsView.swift */,
			);
			path = view;
			sourceTree = "<group>";
		};
		221E10B72DF6619600D3B4CD /* CategoriesScreen */ = {
			isa = PBXGroup;
			children = (
				221E10B82DF6619600D3B4CD /* Views */,
			);
			path = CategoriesScreen;
			sourceTree = "<group>";
		};
		221E10B82DF6619600D3B4CD /* Views */ = {
			isa = PBXGroup;
			children = (
				221E10B92DF6619600D3B4CD /* CategoriesScreen.swift */,
			);
			path = Views;
			sourceTree = "<group>";
		};
		221E10BA2DF6619600D3B4CD /* HomeScreen */ = {
			isa = PBXGroup;
			children = (
				221E10BB2DF6619600D3B4CD /* ViewModels */,
				221E10BD2DF6619600D3B4CD /* model */,
				221E10C12DF6619600D3B4CD /* Views */,
			);
			path = HomeScreen;
			sourceTree = "<group>";
		};
		221E10BB2DF6619600D3B4CD /* ViewModels */ = {
			isa = PBXGroup;
			children = (
				221E10BC2DF6619600D3B4CD /* HomeViewModel.swift */,
			);
			path = ViewModels;
			sourceTree = "<group>";
		};
		221E10BD2DF6619600D3B4CD /* model */ = {
			isa = PBXGroup;
			children = (
				221E10BE2DF6619600D3B4CD /* CouponesIage.swift */,
				221E10BF2DF6619600D3B4CD /* json */,
			);
			path = model;
			sourceTree = "<group>";
		};
		221E10BF2DF6619600D3B4CD /* json */ = {
			isa = PBXGroup;
			children = (
				221E10C02DF6619600D3B4CD /* covers.json */,
			);
			path = json;
			sourceTree = "<group>";
		};
		221E10C12DF6619600D3B4CD /* Views */ = {
			isa = PBXGroup;
			children = (
				221E10C22DF6619600D3B4CD /* ProductItem.swift */,
				221E10C32DF6619600D3B4CD /* ProductsView.swift */,
				221E10C42DF6619600D3B4CD /* imge.swift */,
				221E10C52DF6619600D3B4CD /* ProductHeader.swift */,
				221E10C62DF6619600D3B4CD /* Header.swift */,
				221E10C72DF6619600D3B4CD /* Coupons.swift */,
				221E10C82DF6619600D3B4CD /* HomeScreen.swift */,
			);
			path = Views;
			sourceTree = "<group>";
		};
		221E10CA2DF6619600D3B4CD /* DataLayer */ = {
			isa = PBXGroup;
			children = (
				227CB3DE2DFBD9B900F36E91 /* Repository */,
				221E10CB2DF6619600D3B4CD /* Coredata Layer */,
				221E10CF2DF6619600D3B4CD /* Network */,
			);
			path = DataLayer;
			sourceTree = "<group>";
		};
		221E10CB2DF6619600D3B4CD /* Coredata Layer */ = {
			isa = PBXGroup;
			children = (
				227CB3D92DFBD86E00F36E91 /* AddressModel.xcdatamodeld */,
				221E10CC2DF6619600D3B4CD /* Shopify_IOS.xcdatamodeld */,
				221E10CE2DF6619600D3B4CD /* Persistence.swift */,
				227CB3E32DFBDDE900F36E91 /* CoreDataManager.swift */,
			);
			path = "Coredata Layer";
			sourceTree = "<group>";
		};
		221E10CF2DF6619600D3B4CD /* Network */ = {
			isa = PBXGroup;
			children = (
				221E10D02DF6619600D3B4CD /* GraphQL */,
			);
			path = Network;
			sourceTree = "<group>";
		};
		221E10D02DF6619600D3B4CD /* GraphQL */ = {
			isa = PBXGroup;
			children = (
				221E10D12DF6619600D3B4CD /* TokenInterceptor.swift */,
				221E10D22DF6619600D3B4CD /* Enums */,
				221E10D52DF6619600D3B4CD /* NetworkManager.swift */,
				221E10D62DF6619600D3B4CD /* Queries */,
				221E10D92DF6619600D3B4CD /* GraphQLCodeGen */,
				221E11232DF6619600D3B4CD /* GraphQLSchemas */,
				221E11252DF6619600D3B4CD /* NetworkInterceptorProvider.swift */,
				221E11262DF6619600D3B4CD /* Protocols */,
			);
			path = GraphQL;
			sourceTree = "<group>";
		};
		221E10D22DF6619600D3B4CD /* Enums */ = {
			isa = PBXGroup;
			children = (
				221E10D32DF6619600D3B4CD /* RequestType.swift */,
				221E10D42DF6619600D3B4CD /* NetworkConstants.swift */,
			);
			path = Enums;
			sourceTree = "<group>";
		};
		221E10D62DF6619600D3B4CD /* Queries */ = {
			isa = PBXGroup;
			children = (
				221E10D72DF6619600D3B4CD /* GetProducts.graphql */,
				221E10D82DF6619600D3B4CD /* GetCollections.graphql */,
			);
			path = Queries;
			sourceTree = "<group>";
		};
		221E10D92DF6619600D3B4CD /* GraphQLCodeGen */ = {
			isa = PBXGroup;
			children = (
				221E10DA2DF6619600D3B4CD /* GraphQLCodeGen.graphql.swift */,
				221E10DB2DF6619600D3B4CD /* Operations */,
				221E10DF2DF6619600D3B4CD /* Schema */,
			);
			path = GraphQLCodeGen;
			sourceTree = "<group>";
		};
		221E10DB2DF6619600D3B4CD /* Operations */ = {
			isa = PBXGroup;
			children = (
				221E10DC2DF6619600D3B4CD /* Queries */,
			);
			path = Operations;
			sourceTree = "<group>";
		};
		221E10DC2DF6619600D3B4CD /* Queries */ = {
			isa = PBXGroup;
			children = (
				221E10DD2DF6619600D3B4CD /* GetAllProductsQuery.graphql.swift */,
				221E10DE2DF6619600D3B4CD /* GetCollectionsQuery.graphql.swift */,
			);
			path = Queries;
			sourceTree = "<group>";
		};
		221E10DF2DF6619600D3B4CD /* Schema */ = {
			isa = PBXGroup;
			children = (
				221E10E02DF6619600D3B4CD /* CustomScalars */,
				221E10E52DF6619600D3B4CD /* Enums */,
				221E10E82DF6619600D3B4CD /* Objects */,
				221E111A2DF6619600D3B4CD /* SchemaConfiguration.swift */,
				221E111B2DF6619600D3B4CD /* SchemaMetadata.graphql.swift */,
				221E111C2DF6619600D3B4CD /* Interfaces */,
			);
			path = Schema;
			sourceTree = "<group>";
		};
		221E10E02DF6619600D3B4CD /* CustomScalars */ = {
			isa = PBXGroup;
			children = (
				221E10E12DF6619600D3B4CD /* ID.swift */,
				221E10E22DF6619600D3B4CD /* Decimal.swift */,
				221E10E32DF6619600D3B4CD /* HTML.swift */,
				221E10E42DF6619600D3B4CD /* URL.swift */,
			);
			path = CustomScalars;
			sourceTree = "<group>";
		};
		221E10E52DF6619600D3B4CD /* Enums */ = {
			isa = PBXGroup;
			children = (
				221E10E62DF6619600D3B4CD /* CountPrecision.graphql.swift */,
				221E10E72DF6619600D3B4CD /* CurrencyCode.graphql.swift */,
			);
			path = Enums;
			sourceTree = "<group>";
		};
		221E10E82DF6619600D3B4CD /* Objects */ = {
			isa = PBXGroup;
			children = (
				221E10E92DF6619600D3B4CD /* Image.graphql.swift */,
				221E10EA2DF6619600D3B4CD /* ProductOptionValue.graphql.swift */,
				221E10EB2DF6619600D3B4CD /* SellingPlan.graphql.swift */,
				221E10EC2DF6619600D3B4CD /* ProductVariant.graphql.swift */,
				221E10ED2DF6619600D3B4CD /* Blog.graphql.swift */,
				221E10EE2DF6619600D3B4CD /* Model3d.graphql.swift */,
				221E10EF2DF6619600D3B4CD /* MenuItem.graphql.swift */,
				221E10F02DF6619600D3B4CD /* Order.graphql.swift */,
				221E10F12DF6619600D3B4CD /* Comment.graphql.swift */,
				221E10F22DF6619600D3B4CD /* UrlRedirect.graphql.swift */,
				221E10F32DF6619600D3B4CD /* Shop.graphql.swift */,
				221E10F42DF6619600D3B4CD /* ImageConnection.graphql.swift */,
				221E10F52DF6619600D3B4CD /* GenericFile.graphql.swift */,
				221E10F62DF6619600D3B4CD /* TaxonomyCategory.graphql.swift */,
				221E10F72DF6619600D3B4CD /* ProductOption.graphql.swift */,
				221E10F82DF6619600D3B4CD /* Count.graphql.swift */,
				221E10F92DF6619600D3B4CD /* QuantityRule.graphql.swift */,
				221E10FA2DF6619600D3B4CD /* Collection.graphql.swift */,
				221E10FB2DF6619600D3B4CD /* ShopPayInstallmentsFinancingPlanTerm.graphql.swift */,
				221E10FC2DF6619600D3B4CD /* ExternalVideo.graphql.swift */,
				221E10FD2DF6619600D3B4CD /* ProductConnection.graphql.swift */,
				221E10FE2DF6619600D3B4CD /* CompanyContact.graphql.swift */,
				221E10FF2DF6619600D3B4CD /* Menu.graphql.swift */,
				221E11002DF6619600D3B4CD /* Company.graphql.swift */,
				221E11012DF6619600D3B4CD /* Location.graphql.swift */,
				221E11022DF6619600D3B4CD /* Metaobject.graphql.swift */,
				221E11032DF6619600D3B4CD /* QueryRoot.graphql.swift */,
				221E11042DF6619600D3B4CD /* CompanyLocation.graphql.swift */,
				221E11052DF6619600D3B4CD /* Cart.graphql.swift */,
				221E11062DF6619600D3B4CD /* MoneyV2.graphql.swift */,
				221E11072DF6619600D3B4CD /* Customer.graphql.swift */,
				221E11082DF6619600D3B4CD /* CartLine.graphql.swift */,
				221E11092DF6619600D3B4CD /* MailingAddress.graphql.swift */,
				221E110A2DF6619600D3B4CD /* ShopPayInstallmentsFinancingPlan.graphql.swift */,
				221E110B2DF6619600D3B4CD /* Page.graphql.swift */,
				221E110C2DF6619600D3B4CD /* SearchQuerySuggestion.graphql.swift */,
				221E110D2DF6619600D3B4CD /* CollectionConnection.graphql.swift */,
				221E110E2DF6619600D3B4CD /* ProductVariantConnection.graphql.swift */,
				221E110F2DF6619600D3B4CD /* Market.graphql.swift */,
				221E11102DF6619600D3B4CD /* Metafield.graphql.swift */,
				221E11112DF6619600D3B4CD /* Article.graphql.swift */,
				221E11122DF6619600D3B4CD /* AppliedGiftCard.graphql.swift */,
				221E11132DF6619600D3B4CD /* ComponentizableCartLine.graphql.swift */,
				221E11142DF6619600D3B4CD /* MediaImage.graphql.swift */,
				221E11152DF6619600D3B4CD /* Video.graphql.swift */,
				221E11162DF6619600D3B4CD /* Product.graphql.swift */,
				221E11172DF6619600D3B4CD /* ShopPolicy.graphql.swift */,
				221E11182DF6619600D3B4CD /* MediaPresentation.graphql.swift */,
				221E11192DF6619600D3B4CD /* ShopPayInstallmentsProductVariantPricing.graphql.swift */,
			);
			path = Objects;
			sourceTree = "<group>";
		};
		221E111C2DF6619600D3B4CD /* Interfaces */ = {
			isa = PBXGroup;
			children = (
				221E111D2DF6619600D3B4CD /* Media.graphql.swift */,
				221E111E2DF6619600D3B4CD /* Trackable.graphql.swift */,
				221E111F2DF6619600D3B4CD /* HasMetafields.graphql.swift */,
				221E11202DF6619600D3B4CD /* BaseCartLine.graphql.swift */,
				221E11212DF6619600D3B4CD /* OnlineStorePublishable.graphql.swift */,
				221E11222DF6619600D3B4CD /* Node.graphql.swift */,
			);
			path = Interfaces;
			sourceTree = "<group>";
		};
		221E11232DF6619600D3B4CD /* GraphQLSchemas */ = {
			isa = PBXGroup;
			children = (
				221E11242DF6619600D3B4CD /* schema.graphqls */,
			);
			path = GraphQLSchemas;
			sourceTree = "<group>";
		};
		221E11262DF6619600D3B4CD /* Protocols */ = {
			isa = PBXGroup;
			children = (
				221E11272DF6619600D3B4CD /* NetworkManagerProtocol.swift */,
			);
			path = Protocols;
			sourceTree = "<group>";
		};
		221E11282DF6619600D3B4CD /* App */ = {
			isa = PBXGroup;
			children = (
				221E11292DF6619600D3B4CD /* Shopify_IOSApp.swift */,
			);
			path = App;
			sourceTree = "<group>";
		};
		226A37202DF667B1008D43E2 /* Settings */ = {
			isa = PBXGroup;
			children = (
				22CDF8CB2DFA368000DBA7D2 /* SettingsViewModel */,
				22CDF8D12DFAA86100DBA7D2 /* Cells */,
				226A37272DF667B1008D43E2 /* SettingsScreen.swift */,
				22DA21932DF67C5A001FA5E0 /* Addresses */,
				226A37212DF667B1008D43E2 /* AboutUs */,
				226A37242DF667B1008D43E2 /* ContactUS */,
			);
			path = Settings;
			sourceTree = "<group>";
		};
		226A37212DF667B1008D43E2 /* AboutUs */ = {
			isa = PBXGroup;
			children = (
				226A37222DF667B1008D43E2 /* AboutUs.swift */,
			);
			path = AboutUs;
			sourceTree = "<group>";
		};
		226A37242DF667B1008D43E2 /* ContactUS */ = {
			isa = PBXGroup;
			children = (
				226A37252DF667B1008D43E2 /* ContactUsRow.swift */,
				226A37262DF667B1008D43E2 /* ContactUS.swift */,
			);
			path = ContactUS;
			sourceTree = "<group>";
		};
		227CB3DE2DFBD9B900F36E91 /* Repository */ = {
			isa = PBXGroup;
			children = (
				227CB3DF2DFBDA2300F36E91 /* RepositoryProtocol.swift */,
				227CB3E12DFBDA4600F36E91 /* RepositoryImp.swift */,
			);
			path = Repository;
			sourceTree = "<group>";
		};
		22CDF8CB2DFA368000DBA7D2 /* SettingsViewModel */ = {
			isa = PBXGroup;
			children = (
				22CDF8CC2DFA369B00DBA7D2 /* SettingsViewModel.swift */,
			);
			path = SettingsViewModel;
			sourceTree = "<group>";
		};
		22CDF8CE2DFA986700DBA7D2 /* Enums */ = {
			isa = PBXGroup;
			children = (
				22CDF8CF2DFA988B00DBA7D2 /* CurrencyOfProduct.swift */,
			);
			path = Enums;
			sourceTree = "<group>";
		};
		22CDF8D12DFAA86100DBA7D2 /* Cells */ = {
			isa = PBXGroup;
			children = (
				226A37232DF667B1008D43E2 /* SettingsCell.swift */,
				22CDF8D22DFAA87600DBA7D2 /* CurrencySettingsCell.swift */,
			);
			path = Cells;
			sourceTree = "<group>";
		};
		22CDF8D42DFAACE100DBA7D2 /* Price Formatter */ = {
			isa = PBXGroup;
			children = (
				22CDF8D52DFAAD0300DBA7D2 /* priceFormatter.swift */,
			);
			path = "Price Formatter";
			sourceTree = "<group>";
		};
		22DA21932DF67C5A001FA5E0 /* Addresses */ = {
			isa = PBXGroup;
			children = (
				22DA21942DF67C74001FA5E0 /* AddressesScreen.swift */,
				227CB3DC2DFBD8CB00F36E91 /* AddressViewModel.swift */,
				22D017632DFCECA100F1E517 /* AddAddressScreen.swift */,
			);
			path = Addresses;
			sourceTree = "<group>";
		};
		22DA21962DF68020001FA5E0 /* ProfileScreen */ = {
			isa = PBXGroup;
			children = (
				22DA21A42DF7BEB9001FA5E0 /* Profile */,
				22DA21A12DF79B7F001FA5E0 /* ProfileViewModel */,
				22DA219B2DF69C31001FA5E0 /* Orders */,
				226A37202DF667B1008D43E2 /* Settings */,
			);
			path = ProfileScreen;
			sourceTree = "<group>";
		};
		22DA219B2DF69C31001FA5E0 /* Orders */ = {
			isa = PBXGroup;
			children = (
				22DA219C2DF69CE5001FA5E0 /* Orders.swift */,
			);
			path = Orders;
			sourceTree = "<group>";
		};
		22DA21A12DF79B7F001FA5E0 /* ProfileViewModel */ = {
			isa = PBXGroup;
			children = (
				22DA21A22DF79E51001FA5E0 /* ProfileViewModel.swift */,
			);
			path = ProfileViewModel;
			sourceTree = "<group>";
		};
		22DA21A42DF7BEB9001FA5E0 /* Profile */ = {
			isa = PBXGroup;
			children = (
				22DA21972DF68151001FA5E0 /* ProfileScreen.swift */,
				22DA21992DF690C3001FA5E0 /* ProfileHeader.swift */,
				22DA21A72DF7BF1E001FA5E0 /* ProfileCell.swift */,
			);
			path = Profile;
			sourceTree = "<group>";
		};
/* End PBXGroup section */

/* Begin PBXNativeTarget section */
		22132AA12DEC974500FA9C90 /* Shopify-IOS */ = {
			isa = PBXNativeTarget;
			buildConfigurationList = 22132ACB2DEC974A00FA9C90 /* Build configuration list for PBXNativeTarget "Shopify-IOS" */;
			buildPhases = (
				22132A9E2DEC974500FA9C90 /* Sources */,
				22132A9F2DEC974500FA9C90 /* Frameworks */,
				22132AA02DEC974500FA9C90 /* Resources */,
			);
			buildRules = (
			);
			dependencies = (
			);
			name = "Shopify-IOS";
			packageProductDependencies = (
				22EBEF5B2DF2424100EF8FA6 /* Apollo */,
				221E119C2DF6635500D3B4CD /* Kingfisher */,
			);
			productName = "Shopify-IOS";
			productReference = 22132AA22DEC974500FA9C90 /* Shopify-IOS.app */;
			productType = "com.apple.product-type.application";
		};
		22132AB62DEC974A00FA9C90 /* Shopify-IOSTests */ = {
			isa = PBXNativeTarget;
			buildConfigurationList = 22132ACE2DEC974A00FA9C90 /* Build configuration list for PBXNativeTarget "Shopify-IOSTests" */;
			buildPhases = (
				22132AB32DEC974A00FA9C90 /* Sources */,
				22132AB42DEC974A00FA9C90 /* Frameworks */,
				22132AB52DEC974A00FA9C90 /* Resources */,
			);
			buildRules = (
			);
			dependencies = (
				22132AB92DEC974A00FA9C90 /* PBXTargetDependency */,
			);
			name = "Shopify-IOSTests";
			productName = "Shopify-IOSTests";
			productReference = 22132AB72DEC974A00FA9C90 /* Shopify-IOSTests.xctest */;
			productType = "com.apple.product-type.bundle.unit-test";
		};
		22132AC02DEC974A00FA9C90 /* Shopify-IOSUITests */ = {
			isa = PBXNativeTarget;
			buildConfigurationList = 22132AD12DEC974A00FA9C90 /* Build configuration list for PBXNativeTarget "Shopify-IOSUITests" */;
			buildPhases = (
				22132ABD2DEC974A00FA9C90 /* Sources */,
				22132ABE2DEC974A00FA9C90 /* Frameworks */,
				22132ABF2DEC974A00FA9C90 /* Resources */,
			);
			buildRules = (
			);
			dependencies = (
				22132AC32DEC974A00FA9C90 /* PBXTargetDependency */,
			);
			name = "Shopify-IOSUITests";
			productName = "Shopify-IOSUITests";
			productReference = 22132AC12DEC974A00FA9C90 /* Shopify-IOSUITests.xctest */;
			productType = "com.apple.product-type.bundle.ui-testing";
		};
/* End PBXNativeTarget section */

/* Begin PBXProject section */
		22132A9A2DEC974400FA9C90 /* Project object */ = {
			isa = PBXProject;
			attributes = {
				BuildIndependentTargetsInParallel = 1;
				LastSwiftUpdateCheck = 1500;
				LastUpgradeCheck = 1500;
				TargetAttributes = {
					22132AA12DEC974500FA9C90 = {
						CreatedOnToolsVersion = 15.0;
						LastSwiftMigration = 1500;
					};
					22132AB62DEC974A00FA9C90 = {
						CreatedOnToolsVersion = 15.0;
						TestTargetID = 22132AA12DEC974500FA9C90;
					};
					22132AC02DEC974A00FA9C90 = {
						CreatedOnToolsVersion = 15.0;
						TestTargetID = 22132AA12DEC974500FA9C90;
					};
				};
			};
			buildConfigurationList = 22132A9D2DEC974400FA9C90 /* Build configuration list for PBXProject "Shopify-IOS" */;
			compatibilityVersion = "Xcode 14.0";
			developmentRegion = en;
			hasScannedForEncodings = 0;
			knownRegions = (
				en,
				Base,
			);
			mainGroup = 22132A992DEC974400FA9C90;
			packageReferences = (
				22EBEF5A2DF2424100EF8FA6 /* XCRemoteSwiftPackageReference "apollo-ios" */,
				221E119B2DF6635500D3B4CD /* XCRemoteSwiftPackageReference "Kingfisher" */,
			);
			productRefGroup = 22132AA32DEC974500FA9C90 /* Products */;
			projectDirPath = "";
			projectRoot = "";
			targets = (
				22132AA12DEC974500FA9C90 /* Shopify-IOS */,
				22132AB62DEC974A00FA9C90 /* Shopify-IOSTests */,
				22132AC02DEC974A00FA9C90 /* Shopify-IOSUITests */,
			);
		};
/* End PBXProject section */

/* Begin PBXResourcesBuildPhase section */
		22132AA02DEC974500FA9C90 /* Resources */ = {
			isa = PBXResourcesBuildPhase;
			buildActionMask = 2147483647;
			files = (
				221E11512DF6619600D3B4CD /* GetProducts.graphql in Resources */,
				221E11352DF6619600D3B4CD /* Preview Assets.xcassets in Resources */,
				221E11522DF6619600D3B4CD /* GetCollections.graphql in Resources */,
				221E11422DF6619600D3B4CD /* covers.json in Resources */,
				221E11382DF6619600D3B4CD /* Configurations.plist in Resources */,
				221E112A2DF6619600D3B4CD /* Assets.xcassets in Resources */,
				221E11952DF6619700D3B4CD /* schema.graphqls in Resources */,
			);
			runOnlyForDeploymentPostprocessing = 0;
		};
		22132AB52DEC974A00FA9C90 /* Resources */ = {
			isa = PBXResourcesBuildPhase;
			buildActionMask = 2147483647;
			files = (
			);
			runOnlyForDeploymentPostprocessing = 0;
		};
		22132ABF2DEC974A00FA9C90 /* Resources */ = {
			isa = PBXResourcesBuildPhase;
			buildActionMask = 2147483647;
			files = (
			);
			runOnlyForDeploymentPostprocessing = 0;
		};
/* End PBXResourcesBuildPhase section */

/* Begin PBXSourcesBuildPhase section */
		22132A9E2DEC974500FA9C90 /* Sources */ = {
			isa = PBXSourcesBuildPhase;
			buildActionMask = 2147483647;
			files = (
				221E11732DF6619600D3B4CD /* Company.graphql.swift in Sources */,
				226A372A2DF667B1008D43E2 /* ContactUsRow.swift in Sources */,
				221E11552DF6619600D3B4CD /* GetCollectionsQuery.graphql.swift in Sources */,
				221E11462DF6619600D3B4CD /* ProductHeader.swift in Sources */,
				221E11822DF6619700D3B4CD /* Market.graphql.swift in Sources */,
				22CDF8D62DFAAD0300DBA7D2 /* priceFormatter.swift in Sources */,
				221E114D2DF6619600D3B4CD /* TokenInterceptor.swift in Sources */,
				221E11762DF6619700D3B4CD /* QueryRoot.graphql.swift in Sources */,
				221E113C2DF6619600D3B4CD /* ViewsContainer.swift in Sources */,
				221E11652DF6619600D3B4CD /* UrlRedirect.graphql.swift in Sources */,
				221E117F2DF6619700D3B4CD /* SearchQuerySuggestion.graphql.swift in Sources */,
				22DA21A82DF7BF1E001FA5E0 /* ProfileCell.swift in Sources */,
				221E112E2DF6619600D3B4CD /* QuantityRuel.swift in Sources */,
				221E118C2DF6619700D3B4CD /* ShopPayInstallmentsProductVariantPricing.graphql.swift in Sources */,
				221E11682DF6619600D3B4CD /* GenericFile.graphql.swift in Sources */,
				227CB3DB2DFBD86E00F36E91 /* AddressModel.xcdatamodeld in Sources */,
				221E119F2DF664F600D3B4CD /* ContentView.swift in Sources */,
				221E11972DF6619700D3B4CD /* NetworkManagerProtocol.swift in Sources */,
				221E11372DF6619600D3B4CD /* Colors.swift in Sources */,
				221E11402DF6619600D3B4CD /* HomeViewModel.swift in Sources */,
				221E11792DF6619700D3B4CD /* MoneyV2.graphql.swift in Sources */,
				221E11712DF6619600D3B4CD /* CompanyContact.graphql.swift in Sources */,
				221E116E2DF6619600D3B4CD /* ShopPayInstallmentsFinancingPlanTerm.graphql.swift in Sources */,
				221E117E2DF6619700D3B4CD /* Page.graphql.swift in Sources */,
				221E118D2DF6619700D3B4CD /* SchemaConfiguration.swift in Sources */,
				221E11832DF6619700D3B4CD /* Metafield.graphql.swift in Sources */,
				221E117C2DF6619700D3B4CD /* MailingAddress.graphql.swift in Sources */,
				22DA219D2DF69CE5001FA5E0 /* Orders.swift in Sources */,
				221E11622DF6619600D3B4CD /* MenuItem.graphql.swift in Sources */,
				22DA21982DF68151001FA5E0 /* ProfileScreen.swift in Sources */,
				221E112F2DF6619600D3B4CD /* Category.swift in Sources */,
				221E116F2DF6619600D3B4CD /* ExternalVideo.graphql.swift in Sources */,
				221E114E2DF6619600D3B4CD /* RequestType.swift in Sources */,
				221E117D2DF6619700D3B4CD /* ShopPayInstallmentsFinancingPlan.graphql.swift in Sources */,
				22CDF8CD2DFA369B00DBA7D2 /* SettingsViewModel.swift in Sources */,
				221E115F2DF6619600D3B4CD /* ProductVariant.graphql.swift in Sources */,
				221E11452DF6619600D3B4CD /* imge.swift in Sources */,
				221E11942DF6619700D3B4CD /* Node.graphql.swift in Sources */,
				221E11642DF6619600D3B4CD /* Comment.graphql.swift in Sources */,
				221E11702DF6619600D3B4CD /* ProductConnection.graphql.swift in Sources */,
				221E117B2DF6619700D3B4CD /* CartLine.graphql.swift in Sources */,
				221E115D2DF6619600D3B4CD /* ProductOptionValue.graphql.swift in Sources */,
				221E11982DF6619700D3B4CD /* Shopify_IOSApp.swift in Sources */,
				221E11412DF6619600D3B4CD /* CouponesIage.swift in Sources */,
				221E115E2DF6619600D3B4CD /* SellingPlan.graphql.swift in Sources */,
				221E112C2DF6619600D3B4CD /* Money.swift in Sources */,
				221E114B2DF6619600D3B4CD /* Shopify_IOS.xcdatamodeld in Sources */,
				221E11772DF6619700D3B4CD /* CompanyLocation.graphql.swift in Sources */,
				221E11432DF6619600D3B4CD /* ProductItem.swift in Sources */,
				221E11592DF6619600D3B4CD /* URL.swift in Sources */,
				22CDF8D02DFA988B00DBA7D2 /* CurrencyOfProduct.swift in Sources */,
				221E11742DF6619600D3B4CD /* Location.graphql.swift in Sources */,
				221E118F2DF6619700D3B4CD /* Media.graphql.swift in Sources */,
				221E112D2DF6619600D3B4CD /* Variants.swift in Sources */,
				221E11602DF6619600D3B4CD /* Blog.graphql.swift in Sources */,
				221E11502DF6619600D3B4CD /* NetworkManager.swift in Sources */,
				221E11472DF6619600D3B4CD /* Header.swift in Sources */,
				221E11332DF6619600D3B4CD /* ImageViewExtension.swift in Sources */,
				22D017642DFCECA100F1E517 /* AddAddressScreen.swift in Sources */,
				221E11882DF6619700D3B4CD /* Video.graphql.swift in Sources */,
				221E11532DF6619600D3B4CD /* GraphQLCodeGen.graphql.swift in Sources */,
				221E116A2DF6619600D3B4CD /* ProductOption.graphql.swift in Sources */,
				221E116B2DF6619600D3B4CD /* Count.graphql.swift in Sources */,
				221E116C2DF6619600D3B4CD /* QuantityRule.graphql.swift in Sources */,
				227CB3E02DFBDA2300F36E91 /* RepositoryProtocol.swift in Sources */,
				221E11542DF6619600D3B4CD /* GetAllProductsQuery.graphql.swift in Sources */,
				221E11492DF6619600D3B4CD /* HomeScreen.swift in Sources */,
				221E113D2DF6619600D3B4CD /* CustomTabBarShap.swift in Sources */,
				22DA219A2DF690C3001FA5E0 /* ProfileHeader.swift in Sources */,
				227CB3E22DFBDA4600F36E91 /* RepositoryImp.swift in Sources */,
				22DA21A32DF79E51001FA5E0 /* ProfileViewModel.swift in Sources */,
				226A37292DF667B1008D43E2 /* SettingsCell.swift in Sources */,
				221E113F2DF6619600D3B4CD /* CategoriesScreen.swift in Sources */,
				221E11562DF6619600D3B4CD /* ID.swift in Sources */,
				221E11962DF6619700D3B4CD /* NetworkInterceptorProvider.swift in Sources */,
				221E118E2DF6619700D3B4CD /* SchemaMetadata.graphql.swift in Sources */,
				226A372C2DF667B1008D43E2 /* SettingsScreen.swift in Sources */,
				221E11892DF6619700D3B4CD /* Product.graphql.swift in Sources */,
				221E11932DF6619700D3B4CD /* OnlineStorePublishable.graphql.swift in Sources */,
				221E112B2DF6619600D3B4CD /* Mappable.swift in Sources */,
				22CDF8D32DFAA87600DBA7D2 /* CurrencySettingsCell.swift in Sources */,
				221E11312DF6619600D3B4CD /* ArrayExtention.swift in Sources */,
				221E11302DF6619600D3B4CD /* Product.swift in Sources */,
				221E117A2DF6619700D3B4CD /* Customer.graphql.swift in Sources */,
				221E11342DF6619600D3B4CD /* ProducteExtentions.swift in Sources */,
				221E11662DF6619600D3B4CD /* Shop.graphql.swift in Sources */,
				221E11902DF6619700D3B4CD /* Trackable.graphql.swift in Sources */,
				221E118B2DF6619700D3B4CD /* MediaPresentation.graphql.swift in Sources */,
				227CB3E42DFBDDE900F36E91 /* CoreDataManager.swift in Sources */,
				221E11782DF6619700D3B4CD /* Cart.graphql.swift in Sources */,
				221E11852DF6619700D3B4CD /* AppliedGiftCard.graphql.swift in Sources */,
				221E11482DF6619600D3B4CD /* Coupons.swift in Sources */,
				221E11322DF6619600D3B4CD /* AppConstant.swift in Sources */,
				221E11842DF6619700D3B4CD /* Article.graphql.swift in Sources */,
				221E11812DF6619700D3B4CD /* ProductVariantConnection.graphql.swift in Sources */,
				221E11912DF6619700D3B4CD /* HasMetafields.graphql.swift in Sources */,
				221E11442DF6619600D3B4CD /* ProductsView.swift in Sources */,
				221E11752DF6619700D3B4CD /* Metaobject.graphql.swift in Sources */,
				221E11722DF6619600D3B4CD /* Menu.graphql.swift in Sources */,
				227CB3DD2DFBD8CB00F36E91 /* AddressViewModel.swift in Sources */,
				226A372B2DF667B1008D43E2 /* ContactUS.swift in Sources */,
				221E115B2DF6619600D3B4CD /* CurrencyCode.graphql.swift in Sources */,
				221E115A2DF6619600D3B4CD /* CountPrecision.graphql.swift in Sources */,
				221E113B2DF6619600D3B4CD /* TabBarButtonswift.swift in Sources */,
				221E11922DF6619700D3B4CD /* BaseCartLine.graphql.swift in Sources */,
				221E11612DF6619600D3B4CD /* Model3d.graphql.swift in Sources */,
				221E11872DF6619700D3B4CD /* MediaImage.graphql.swift in Sources */,
				221E11672DF6619600D3B4CD /* ImageConnection.graphql.swift in Sources */,
				221E113E2DF6619600D3B4CD /* ProductDetailsView.swift in Sources */,
				221E118A2DF6619700D3B4CD /* ShopPolicy.graphql.swift in Sources */,
				22DA21952DF67C74001FA5E0 /* AddressesScreen.swift in Sources */,
				221E11692DF6619600D3B4CD /* TaxonomyCategory.graphql.swift in Sources */,
				221E114F2DF6619600D3B4CD /* NetworkConstants.swift in Sources */,
				226A37282DF667B1008D43E2 /* AboutUs.swift in Sources */,
				221E11582DF6619600D3B4CD /* HTML.swift in Sources */,
				221E114C2DF6619600D3B4CD /* Persistence.swift in Sources */,
				221E115C2DF6619600D3B4CD /* Image.graphql.swift in Sources */,
				221E11572DF6619600D3B4CD /* Decimal.swift in Sources */,
				221E11802DF6619700D3B4CD /* CollectionConnection.graphql.swift in Sources */,
				221E11862DF6619700D3B4CD /* ComponentizableCartLine.graphql.swift in Sources */,
				221E116D2DF6619600D3B4CD /* Collection.graphql.swift in Sources */,
				221E11632DF6619600D3B4CD /* Order.graphql.swift in Sources */,
			);
			runOnlyForDeploymentPostprocessing = 0;
		};
		22132AB32DEC974A00FA9C90 /* Sources */ = {
			isa = PBXSourcesBuildPhase;
			buildActionMask = 2147483647;
			files = (
				22132ABC2DEC974A00FA9C90 /* Shopify_IOSTests.swift in Sources */,
			);
			runOnlyForDeploymentPostprocessing = 0;
		};
		22132ABD2DEC974A00FA9C90 /* Sources */ = {
			isa = PBXSourcesBuildPhase;
			buildActionMask = 2147483647;
			files = (
				22132AC62DEC974A00FA9C90 /* Shopify_IOSUITests.swift in Sources */,
				22132AC82DEC974A00FA9C90 /* Shopify_IOSUITestsLaunchTests.swift in Sources */,
			);
			runOnlyForDeploymentPostprocessing = 0;
		};
/* End PBXSourcesBuildPhase section */

/* Begin PBXTargetDependency section */
		22132AB92DEC974A00FA9C90 /* PBXTargetDependency */ = {
			isa = PBXTargetDependency;
			target = 22132AA12DEC974500FA9C90 /* Shopify-IOS */;
			targetProxy = 22132AB82DEC974A00FA9C90 /* PBXContainerItemProxy */;
		};
		22132AC32DEC974A00FA9C90 /* PBXTargetDependency */ = {
			isa = PBXTargetDependency;
			target = 22132AA12DEC974500FA9C90 /* Shopify-IOS */;
			targetProxy = 22132AC22DEC974A00FA9C90 /* PBXContainerItemProxy */;
		};
/* End PBXTargetDependency section */

/* Begin XCBuildConfiguration section */
		22132AC92DEC974A00FA9C90 /* Debug */ = {
			isa = XCBuildConfiguration;
			buildSettings = {
				ALWAYS_SEARCH_USER_PATHS = NO;
				ASSETCATALOG_COMPILER_GENERATE_SWIFT_ASSET_SYMBOL_EXTENSIONS = YES;
				CLANG_ANALYZER_NONNULL = YES;
				CLANG_ANALYZER_NUMBER_OBJECT_CONVERSION = YES_AGGRESSIVE;
				CLANG_CXX_LANGUAGE_STANDARD = "gnu++20";
				CLANG_ENABLE_MODULES = YES;
				CLANG_ENABLE_OBJC_ARC = YES;
				CLANG_ENABLE_OBJC_WEAK = YES;
				CLANG_WARN_BLOCK_CAPTURE_AUTORELEASING = YES;
				CLANG_WARN_BOOL_CONVERSION = YES;
				CLANG_WARN_COMMA = YES;
				CLANG_WARN_CONSTANT_CONVERSION = YES;
				CLANG_WARN_DEPRECATED_OBJC_IMPLEMENTATIONS = YES;
				CLANG_WARN_DIRECT_OBJC_ISA_USAGE = YES_ERROR;
				CLANG_WARN_DOCUMENTATION_COMMENTS = YES;
				CLANG_WARN_EMPTY_BODY = YES;
				CLANG_WARN_ENUM_CONVERSION = YES;
				CLANG_WARN_INFINITE_RECURSION = YES;
				CLANG_WARN_INT_CONVERSION = YES;
				CLANG_WARN_NON_LITERAL_NULL_CONVERSION = YES;
				CLANG_WARN_OBJC_IMPLICIT_RETAIN_SELF = YES;
				CLANG_WARN_OBJC_LITERAL_CONVERSION = YES;
				CLANG_WARN_OBJC_ROOT_CLASS = YES_ERROR;
				CLANG_WARN_QUOTED_INCLUDE_IN_FRAMEWORK_HEADER = YES;
				CLANG_WARN_RANGE_LOOP_ANALYSIS = YES;
				CLANG_WARN_STRICT_PROTOTYPES = YES;
				CLANG_WARN_SUSPICIOUS_MOVE = YES;
				CLANG_WARN_UNGUARDED_AVAILABILITY = YES_AGGRESSIVE;
				CLANG_WARN_UNREACHABLE_CODE = YES;
				CLANG_WARN__DUPLICATE_METHOD_MATCH = YES;
				COPY_PHASE_STRIP = NO;
				DEBUG_INFORMATION_FORMAT = dwarf;
				ENABLE_STRICT_OBJC_MSGSEND = YES;
				ENABLE_TESTABILITY = YES;
				ENABLE_USER_SCRIPT_SANDBOXING = YES;
				GCC_C_LANGUAGE_STANDARD = gnu17;
				GCC_DYNAMIC_NO_PIC = NO;
				GCC_NO_COMMON_BLOCKS = YES;
				GCC_OPTIMIZATION_LEVEL = 0;
				GCC_PREPROCESSOR_DEFINITIONS = (
					"DEBUG=1",
					"$(inherited)",
				);
				GCC_WARN_64_TO_32_BIT_CONVERSION = YES;
				GCC_WARN_ABOUT_RETURN_TYPE = YES_ERROR;
				GCC_WARN_UNDECLARED_SELECTOR = YES;
				GCC_WARN_UNINITIALIZED_AUTOS = YES_AGGRESSIVE;
				GCC_WARN_UNUSED_FUNCTION = YES;
				GCC_WARN_UNUSED_VARIABLE = YES;
				IPHONEOS_DEPLOYMENT_TARGET = 17.0;
				LOCALIZATION_PREFERS_STRING_CATALOGS = YES;
				MTL_ENABLE_DEBUG_INFO = INCLUDE_SOURCE;
				MTL_FAST_MATH = YES;
				ONLY_ACTIVE_ARCH = YES;
				SDKROOT = iphoneos;
				SWIFT_ACTIVE_COMPILATION_CONDITIONS = "DEBUG $(inherited)";
				SWIFT_OPTIMIZATION_LEVEL = "-Onone";
			};
			name = Debug;
		};
		22132ACA2DEC974A00FA9C90 /* Release */ = {
			isa = XCBuildConfiguration;
			buildSettings = {
				ALWAYS_SEARCH_USER_PATHS = NO;
				ASSETCATALOG_COMPILER_GENERATE_SWIFT_ASSET_SYMBOL_EXTENSIONS = YES;
				CLANG_ANALYZER_NONNULL = YES;
				CLANG_ANALYZER_NUMBER_OBJECT_CONVERSION = YES_AGGRESSIVE;
				CLANG_CXX_LANGUAGE_STANDARD = "gnu++20";
				CLANG_ENABLE_MODULES = YES;
				CLANG_ENABLE_OBJC_ARC = YES;
				CLANG_ENABLE_OBJC_WEAK = YES;
				CLANG_WARN_BLOCK_CAPTURE_AUTORELEASING = YES;
				CLANG_WARN_BOOL_CONVERSION = YES;
				CLANG_WARN_COMMA = YES;
				CLANG_WARN_CONSTANT_CONVERSION = YES;
				CLANG_WARN_DEPRECATED_OBJC_IMPLEMENTATIONS = YES;
				CLANG_WARN_DIRECT_OBJC_ISA_USAGE = YES_ERROR;
				CLANG_WARN_DOCUMENTATION_COMMENTS = YES;
				CLANG_WARN_EMPTY_BODY = YES;
				CLANG_WARN_ENUM_CONVERSION = YES;
				CLANG_WARN_INFINITE_RECURSION = YES;
				CLANG_WARN_INT_CONVERSION = YES;
				CLANG_WARN_NON_LITERAL_NULL_CONVERSION = YES;
				CLANG_WARN_OBJC_IMPLICIT_RETAIN_SELF = YES;
				CLANG_WARN_OBJC_LITERAL_CONVERSION = YES;
				CLANG_WARN_OBJC_ROOT_CLASS = YES_ERROR;
				CLANG_WARN_QUOTED_INCLUDE_IN_FRAMEWORK_HEADER = YES;
				CLANG_WARN_RANGE_LOOP_ANALYSIS = YES;
				CLANG_WARN_STRICT_PROTOTYPES = YES;
				CLANG_WARN_SUSPICIOUS_MOVE = YES;
				CLANG_WARN_UNGUARDED_AVAILABILITY = YES_AGGRESSIVE;
				CLANG_WARN_UNREACHABLE_CODE = YES;
				CLANG_WARN__DUPLICATE_METHOD_MATCH = YES;
				COPY_PHASE_STRIP = NO;
				DEBUG_INFORMATION_FORMAT = "dwarf-with-dsym";
				ENABLE_NS_ASSERTIONS = NO;
				ENABLE_STRICT_OBJC_MSGSEND = YES;
				ENABLE_USER_SCRIPT_SANDBOXING = YES;
				GCC_C_LANGUAGE_STANDARD = gnu17;
				GCC_NO_COMMON_BLOCKS = YES;
				GCC_WARN_64_TO_32_BIT_CONVERSION = YES;
				GCC_WARN_ABOUT_RETURN_TYPE = YES_ERROR;
				GCC_WARN_UNDECLARED_SELECTOR = YES;
				GCC_WARN_UNINITIALIZED_AUTOS = YES_AGGRESSIVE;
				GCC_WARN_UNUSED_FUNCTION = YES;
				GCC_WARN_UNUSED_VARIABLE = YES;
				IPHONEOS_DEPLOYMENT_TARGET = 17.0;
				LOCALIZATION_PREFERS_STRING_CATALOGS = YES;
				MTL_ENABLE_DEBUG_INFO = NO;
				MTL_FAST_MATH = YES;
				SDKROOT = iphoneos;
				SWIFT_COMPILATION_MODE = wholemodule;
				VALIDATE_PRODUCT = YES;
			};
			name = Release;
		};
		22132ACC2DEC974A00FA9C90 /* Debug */ = {
			isa = XCBuildConfiguration;
			buildSettings = {
				ASSETCATALOG_COMPILER_APPICON_NAME = AppIcon;
				ASSETCATALOG_COMPILER_GLOBAL_ACCENT_COLOR_NAME = AccentColor;
				CLANG_ENABLE_MODULES = YES;
				CODE_SIGN_STYLE = Manual;
				CURRENT_PROJECT_VERSION = 1;
				DEVELOPMENT_ASSET_PATHS = "\"Shopify-IOS/Preview Content\"";
				DEVELOPMENT_TEAM = "";
				ENABLE_PREVIEWS = YES;
				GENERATE_INFOPLIST_FILE = YES;
				INFOPLIST_KEY_UIApplicationSceneManifest_Generation = YES;
				INFOPLIST_KEY_UIApplicationSupportsIndirectInputEvents = YES;
				INFOPLIST_KEY_UILaunchScreen_Generation = YES;
				INFOPLIST_KEY_UISupportedInterfaceOrientations_iPad = "UIInterfaceOrientationPortrait UIInterfaceOrientationPortraitUpsideDown UIInterfaceOrientationLandscapeLeft UIInterfaceOrientationLandscapeRight";
				INFOPLIST_KEY_UISupportedInterfaceOrientations_iPhone = "UIInterfaceOrientationPortrait UIInterfaceOrientationLandscapeLeft UIInterfaceOrientationLandscapeRight";
				LD_RUNPATH_SEARCH_PATHS = (
					"$(inherited)",
					"@executable_path/Frameworks",
				);
				MARKETING_VERSION = 1.0;
				PRODUCT_BUNDLE_IDENTIFIER = "iti.Shopify-IOS";
				PRODUCT_NAME = "$(TARGET_NAME)";
				PROVISIONING_PROFILE_SPECIFIER = "";
				SWIFT_EMIT_LOC_STRINGS = YES;
				SWIFT_OPTIMIZATION_LEVEL = "-Onone";
				SWIFT_VERSION = 5.0;
				TARGETED_DEVICE_FAMILY = "1,2";
			};
			name = Debug;
		};
		22132ACD2DEC974A00FA9C90 /* Release */ = {
			isa = XCBuildConfiguration;
			buildSettings = {
				ASSETCATALOG_COMPILER_APPICON_NAME = AppIcon;
				ASSETCATALOG_COMPILER_GLOBAL_ACCENT_COLOR_NAME = AccentColor;
				CLANG_ENABLE_MODULES = YES;
				CODE_SIGN_STYLE = Manual;
				CURRENT_PROJECT_VERSION = 1;
				DEVELOPMENT_ASSET_PATHS = "\"Shopify-IOS/Preview Content\"";
				DEVELOPMENT_TEAM = "";
				ENABLE_PREVIEWS = YES;
				GENERATE_INFOPLIST_FILE = YES;
				INFOPLIST_KEY_UIApplicationSceneManifest_Generation = YES;
				INFOPLIST_KEY_UIApplicationSupportsIndirectInputEvents = YES;
				INFOPLIST_KEY_UILaunchScreen_Generation = YES;
				INFOPLIST_KEY_UISupportedInterfaceOrientations_iPad = "UIInterfaceOrientationPortrait UIInterfaceOrientationPortraitUpsideDown UIInterfaceOrientationLandscapeLeft UIInterfaceOrientationLandscapeRight";
				INFOPLIST_KEY_UISupportedInterfaceOrientations_iPhone = "UIInterfaceOrientationPortrait UIInterfaceOrientationLandscapeLeft UIInterfaceOrientationLandscapeRight";
				LD_RUNPATH_SEARCH_PATHS = (
					"$(inherited)",
					"@executable_path/Frameworks",
				);
				MARKETING_VERSION = 1.0;
				PRODUCT_BUNDLE_IDENTIFIER = "iti.Shopify-IOS";
				PRODUCT_NAME = "$(TARGET_NAME)";
				PROVISIONING_PROFILE_SPECIFIER = "";
				SWIFT_EMIT_LOC_STRINGS = YES;
				SWIFT_VERSION = 5.0;
				TARGETED_DEVICE_FAMILY = "1,2";
			};
			name = Release;
		};
		22132ACF2DEC974A00FA9C90 /* Debug */ = {
			isa = XCBuildConfiguration;
			buildSettings = {
				ALWAYS_EMBED_SWIFT_STANDARD_LIBRARIES = YES;
				BUNDLE_LOADER = "$(TEST_HOST)";
				CODE_SIGN_STYLE = Automatic;
				CURRENT_PROJECT_VERSION = 1;
				GENERATE_INFOPLIST_FILE = YES;
				IPHONEOS_DEPLOYMENT_TARGET = 17.0;
				MARKETING_VERSION = 1.0;
				PRODUCT_BUNDLE_IDENTIFIER = "iti.Shopify-IOSTests";
				PRODUCT_NAME = "$(TARGET_NAME)";
				SWIFT_EMIT_LOC_STRINGS = NO;
				SWIFT_VERSION = 5.0;
				TARGETED_DEVICE_FAMILY = "1,2";
				TEST_HOST = "$(BUILT_PRODUCTS_DIR)/Shopify-IOS.app/$(BUNDLE_EXECUTABLE_FOLDER_PATH)/Shopify-IOS";
			};
			name = Debug;
		};
		22132AD02DEC974A00FA9C90 /* Release */ = {
			isa = XCBuildConfiguration;
			buildSettings = {
				ALWAYS_EMBED_SWIFT_STANDARD_LIBRARIES = YES;
				BUNDLE_LOADER = "$(TEST_HOST)";
				CODE_SIGN_STYLE = Automatic;
				CURRENT_PROJECT_VERSION = 1;
				GENERATE_INFOPLIST_FILE = YES;
				IPHONEOS_DEPLOYMENT_TARGET = 17.0;
				MARKETING_VERSION = 1.0;
				PRODUCT_BUNDLE_IDENTIFIER = "iti.Shopify-IOSTests";
				PRODUCT_NAME = "$(TARGET_NAME)";
				SWIFT_EMIT_LOC_STRINGS = NO;
				SWIFT_VERSION = 5.0;
				TARGETED_DEVICE_FAMILY = "1,2";
				TEST_HOST = "$(BUILT_PRODUCTS_DIR)/Shopify-IOS.app/$(BUNDLE_EXECUTABLE_FOLDER_PATH)/Shopify-IOS";
			};
			name = Release;
		};
		22132AD22DEC974A00FA9C90 /* Debug */ = {
			isa = XCBuildConfiguration;
			buildSettings = {
				ALWAYS_EMBED_SWIFT_STANDARD_LIBRARIES = YES;
				CODE_SIGN_STYLE = Automatic;
				CURRENT_PROJECT_VERSION = 1;
				GENERATE_INFOPLIST_FILE = YES;
				MARKETING_VERSION = 1.0;
				PRODUCT_BUNDLE_IDENTIFIER = "iti.Shopify-IOSUITests";
				PRODUCT_NAME = "$(TARGET_NAME)";
				SWIFT_EMIT_LOC_STRINGS = NO;
				SWIFT_VERSION = 5.0;
				TARGETED_DEVICE_FAMILY = "1,2";
				TEST_TARGET_NAME = "Shopify-IOS";
			};
			name = Debug;
		};
		22132AD32DEC974A00FA9C90 /* Release */ = {
			isa = XCBuildConfiguration;
			buildSettings = {
				ALWAYS_EMBED_SWIFT_STANDARD_LIBRARIES = YES;
				CODE_SIGN_STYLE = Automatic;
				CURRENT_PROJECT_VERSION = 1;
				GENERATE_INFOPLIST_FILE = YES;
				MARKETING_VERSION = 1.0;
				PRODUCT_BUNDLE_IDENTIFIER = "iti.Shopify-IOSUITests";
				PRODUCT_NAME = "$(TARGET_NAME)";
				SWIFT_EMIT_LOC_STRINGS = NO;
				SWIFT_VERSION = 5.0;
				TARGETED_DEVICE_FAMILY = "1,2";
				TEST_TARGET_NAME = "Shopify-IOS";
			};
			name = Release;
		};
/* End XCBuildConfiguration section */

/* Begin XCConfigurationList section */
		22132A9D2DEC974400FA9C90 /* Build configuration list for PBXProject "Shopify-IOS" */ = {
			isa = XCConfigurationList;
			buildConfigurations = (
				22132AC92DEC974A00FA9C90 /* Debug */,
				22132ACA2DEC974A00FA9C90 /* Release */,
			);
			defaultConfigurationIsVisible = 0;
			defaultConfigurationName = Release;
		};
		22132ACB2DEC974A00FA9C90 /* Build configuration list for PBXNativeTarget "Shopify-IOS" */ = {
			isa = XCConfigurationList;
			buildConfigurations = (
				22132ACC2DEC974A00FA9C90 /* Debug */,
				22132ACD2DEC974A00FA9C90 /* Release */,
			);
			defaultConfigurationIsVisible = 0;
			defaultConfigurationName = Release;
		};
		22132ACE2DEC974A00FA9C90 /* Build configuration list for PBXNativeTarget "Shopify-IOSTests" */ = {
			isa = XCConfigurationList;
			buildConfigurations = (
				22132ACF2DEC974A00FA9C90 /* Debug */,
				22132AD02DEC974A00FA9C90 /* Release */,
			);
			defaultConfigurationIsVisible = 0;
			defaultConfigurationName = Release;
		};
		22132AD12DEC974A00FA9C90 /* Build configuration list for PBXNativeTarget "Shopify-IOSUITests" */ = {
			isa = XCConfigurationList;
			buildConfigurations = (
				22132AD22DEC974A00FA9C90 /* Debug */,
				22132AD32DEC974A00FA9C90 /* Release */,
			);
			defaultConfigurationIsVisible = 0;
			defaultConfigurationName = Release;
		};
/* End XCConfigurationList section */

/* Begin XCRemoteSwiftPackageReference section */
		221E119B2DF6635500D3B4CD /* XCRemoteSwiftPackageReference "Kingfisher" */ = {
			isa = XCRemoteSwiftPackageReference;
			repositoryURL = "https://github.com/onevcat/Kingfisher.git";
			requirement = {
				kind = upToNextMajorVersion;
				minimumVersion = 8.3.2;
			};
		};
		22EBEF5A2DF2424100EF8FA6 /* XCRemoteSwiftPackageReference "apollo-ios" */ = {
			isa = XCRemoteSwiftPackageReference;
			repositoryURL = "https://github.com/apollographql/apollo-ios.git";
			requirement = {
				kind = upToNextMajorVersion;
				minimumVersion = 1.22.0;
			};
		};
/* End XCRemoteSwiftPackageReference section */

/* Begin XCSwiftPackageProductDependency section */
		221E119C2DF6635500D3B4CD /* Kingfisher */ = {
			isa = XCSwiftPackageProductDependency;
			package = 221E119B2DF6635500D3B4CD /* XCRemoteSwiftPackageReference "Kingfisher" */;
			productName = Kingfisher;
		};
		22EBEF5B2DF2424100EF8FA6 /* Apollo */ = {
			isa = XCSwiftPackageProductDependency;
			package = 22EBEF5A2DF2424100EF8FA6 /* XCRemoteSwiftPackageReference "apollo-ios" */;
			productName = Apollo;
		};
/* End XCSwiftPackageProductDependency section */

/* Begin XCVersionGroup section */
		221E10CC2DF6619600D3B4CD /* Shopify_IOS.xcdatamodeld */ = {
			isa = XCVersionGroup;
			children = (
				221E10CD2DF6619600D3B4CD /* Shopify_IOS.xcdatamodel */,
			);
			currentVersion = 221E10CD2DF6619600D3B4CD /* Shopify_IOS.xcdatamodel */;
			path = Shopify_IOS.xcdatamodeld;
			sourceTree = "<group>";
			versionGroupType = wrapper.xcdatamodel;
		};
		227CB3D92DFBD86E00F36E91 /* AddressModel.xcdatamodeld */ = {
			isa = XCVersionGroup;
			children = (
				227CB3DA2DFBD86E00F36E91 /* AddressModel.xcdatamodel */,
			);
			currentVersion = 227CB3DA2DFBD86E00F36E91 /* AddressModel.xcdatamodel */;
			path = AddressModel.xcdatamodeld;
			sourceTree = "<group>";
			versionGroupType = wrapper.xcdatamodel;
		};
/* End XCVersionGroup section */
	};
	rootObject = 22132A9A2DEC974400FA9C90 /* Project object */;
}
